// !$*UTF8*$!
{
	archiveVersion = 1;
	classes = {
	};
	objectVersion = 48;
	objects = {

/* Begin PBXBuildFile section */
		61034065158F824F00FDD139 /* Pods_SpeakUpp.framework in Frameworks */ = {isa = PBXBuildFile; fileRef = FDC8A705F567908CBFC1B8E5 /* Pods_SpeakUpp.framework */; };
		ED158FBA2020B216000E43BB /* ResetPinController.swift in Sources */ = {isa = PBXBuildFile; fileRef = ED158FB92020B216000E43BB /* ResetPinController.swift */; };
		ED158FBC2020BAA0000E43BB /* LogoOutController.swift in Sources */ = {isa = PBXBuildFile; fileRef = ED158FBB2020BAA0000E43BB /* LogoOutController.swift */; };
		ED158FBF2020E626000E43BB /* SettingController.swift in Sources */ = {isa = PBXBuildFile; fileRef = ED158FBE2020E626000E43BB /* SettingController.swift */; };
		ED158FC920211639000E43BB /* SearchController.swift in Sources */ = {isa = PBXBuildFile; fileRef = ED158FC820211639000E43BB /* SearchController.swift */; };
		ED257C77201CF95A00F1E5F3 /* LeftDrawerController.swift in Sources */ = {isa = PBXBuildFile; fileRef = ED257C76201CF95A00F1E5F3 /* LeftDrawerController.swift */; };
		ED5679E12016119700F52B89 /* AppDelegate.swift in Sources */ = {isa = PBXBuildFile; fileRef = ED5679E02016119700F52B89 /* AppDelegate.swift */; };
		ED5679E32016119700F52B89 /* OnboardViewController.swift in Sources */ = {isa = PBXBuildFile; fileRef = ED5679E22016119700F52B89 /* OnboardViewController.swift */; };
		ED5679E82016119700F52B89 /* Assets.xcassets in Resources */ = {isa = PBXBuildFile; fileRef = ED5679E72016119700F52B89 /* Assets.xcassets */; };
		ED5679EB2016119700F52B89 /* LaunchScreen.storyboard in Resources */ = {isa = PBXBuildFile; fileRef = ED5679E92016119700F52B89 /* LaunchScreen.storyboard */; };
		ED5679F42016451F00F52B89 /* User.swift in Sources */ = {isa = PBXBuildFile; fileRef = ED5679F32016451F00F52B89 /* User.swift */; };
		ED5679F72016459100F52B89 /* Mics.swift in Sources */ = {isa = PBXBuildFile; fileRef = ED5679F62016459100F52B89 /* Mics.swift */; };
		ED5679F9201645F300F52B89 /* Key.swift in Sources */ = {isa = PBXBuildFile; fileRef = ED5679F8201645F300F52B89 /* Key.swift */; };
		ED5679FB2016465300F52B89 /* ViewControllerHelper.swift in Sources */ = {isa = PBXBuildFile; fileRef = ED5679FA2016465300F52B89 /* ViewControllerHelper.swift */; };
		ED5679FE20165E9900F52B89 /* Page.swift in Sources */ = {isa = PBXBuildFile; fileRef = ED5679FD20165E9900F52B89 /* Page.swift */; };
		ED567A0020165EE300F52B89 /* WelcomeController.swift in Sources */ = {isa = PBXBuildFile; fileRef = ED5679FF20165EE300F52B89 /* WelcomeController.swift */; };
		ED567A02201665A700F52B89 /* BaseCell.swift in Sources */ = {isa = PBXBuildFile; fileRef = ED567A01201665A700F52B89 /* BaseCell.swift */; };
		ED567A05201665D200F52B89 /* SwipingPageCell.swift in Sources */ = {isa = PBXBuildFile; fileRef = ED567A04201665D200F52B89 /* SwipingPageCell.swift */; };
		ED567A07201666A400F52B89 /* Extension.swift in Sources */ = {isa = PBXBuildFile; fileRef = ED567A06201666A400F52B89 /* Extension.swift */; };
		ED6C6E47201F732600C15586 /* HomeMenuBar.swift in Sources */ = {isa = PBXBuildFile; fileRef = ED6C6E46201F732600C15586 /* HomeMenuBar.swift */; };
		ED6C6E49201F739100C15586 /* BaseUIView.swift in Sources */ = {isa = PBXBuildFile; fileRef = ED6C6E48201F739100C15586 /* BaseUIView.swift */; };
		ED6C6E4B201F74B900C15586 /* HomeMenuBarCell.swift in Sources */ = {isa = PBXBuildFile; fileRef = ED6C6E4A201F74B900C15586 /* HomeMenuBarCell.swift */; };
		ED6C6E4F201F967D00C15586 /* HomeCell.swift in Sources */ = {isa = PBXBuildFile; fileRef = ED6C6E4E201F967D00C15586 /* HomeCell.swift */; };
		ED6C6E51201FA35D00C15586 /* Feed.swift in Sources */ = {isa = PBXBuildFile; fileRef = ED6C6E50201FA35D00C15586 /* Feed.swift */; };
		ED6C6E53201FB1F400C15586 /* HomeCellTopBarCell.swift in Sources */ = {isa = PBXBuildFile; fileRef = ED6C6E52201FB1F400C15586 /* HomeCellTopBarCell.swift */; };
		ED6C6E55201FD8B200C15586 /* BaseFeedCell.swift in Sources */ = {isa = PBXBuildFile; fileRef = ED6C6E54201FD8B200C15586 /* BaseFeedCell.swift */; };
		ED6C6E57201FE98200C15586 /* TrendingCell.swift in Sources */ = {isa = PBXBuildFile; fileRef = ED6C6E56201FE98200C15586 /* TrendingCell.swift */; };
		ED6C6E59201FEB9400C15586 /* TrendingCellTopBarCell.swift in Sources */ = {isa = PBXBuildFile; fileRef = ED6C6E58201FEB9400C15586 /* TrendingCellTopBarCell.swift */; };
		ED6C6E5B202072AF00C15586 /* EventCell.swift in Sources */ = {isa = PBXBuildFile; fileRef = ED6C6E5A202072AF00C15586 /* EventCell.swift */; };
		ED6C6E5D2020734E00C15586 /* EventItemCell.swift in Sources */ = {isa = PBXBuildFile; fileRef = ED6C6E5C2020734E00C15586 /* EventItemCell.swift */; };
		ED6C6E5F2020740200C15586 /* ProfileCell.swift in Sources */ = {isa = PBXBuildFile; fileRef = ED6C6E5E2020740200C15586 /* ProfileCell.swift */; };
		ED7E17992017DB88006DF756 /* LoginController.swift in Sources */ = {isa = PBXBuildFile; fileRef = ED7E17982017DB88006DF756 /* LoginController.swift */; };
		ED7E179F20188EEE006DF756 /* RobotoBold.ttf in Resources */ = {isa = PBXBuildFile; fileRef = ED7E179B20188C25006DF756 /* RobotoBold.ttf */; };
		ED7E17A020188EEE006DF756 /* RobotoLight.ttf in Resources */ = {isa = PBXBuildFile; fileRef = ED7E179C20188C25006DF756 /* RobotoLight.ttf */; };
		ED7E17A120188EEE006DF756 /* RobotoMedium.ttf in Resources */ = {isa = PBXBuildFile; fileRef = ED7E179D20188C25006DF756 /* RobotoMedium.ttf */; };
		ED7E17A220188EEE006DF756 /* RobotoRegular.ttf in Resources */ = {isa = PBXBuildFile; fileRef = ED7E179E20188C26006DF756 /* RobotoRegular.ttf */; };
		ED7E17A520192017006DF756 /* SCLAlertView.swift in Sources */ = {isa = PBXBuildFile; fileRef = ED7E17A420192017006DF756 /* SCLAlertView.swift */; };
		ED7E17A7201921A1006DF756 /* SCLExtensions.swift in Sources */ = {isa = PBXBuildFile; fileRef = ED7E17A6201921A1006DF756 /* SCLExtensions.swift */; };
		ED7E17A920192C61006DF756 /* SpeakUppEnums.swift in Sources */ = {isa = PBXBuildFile; fileRef = ED7E17A820192C61006DF756 /* SpeakUppEnums.swift */; };
		ED7E17AB2019D4FB006DF756 /* BaseScrollViewController.swift in Sources */ = {isa = PBXBuildFile; fileRef = ED7E17AA2019D4FB006DF756 /* BaseScrollViewController.swift */; };
		ED7E17AE2019DB1C006DF756 /* SignUpController.swift in Sources */ = {isa = PBXBuildFile; fileRef = ED7E17AD2019DB1C006DF756 /* SignUpController.swift */; };
		ED7E17B02019FECB006DF756 /* CheckBox.swift in Sources */ = {isa = PBXBuildFile; fileRef = ED7E17AF2019FECB006DF756 /* CheckBox.swift */; };
		ED7E17B2201B5DF4006DF756 /* SignUpVerificationController.swift in Sources */ = {isa = PBXBuildFile; fileRef = ED7E17B1201B5DF4006DF756 /* SignUpVerificationController.swift */; };
		EDA8D835201CCA96004F6A8C /* VerificationCodeController.swift in Sources */ = {isa = PBXBuildFile; fileRef = EDA8D834201CCA96004F6A8C /* VerificationCodeController.swift */; };
		EDA8D838201CDCB4004F6A8C /* HomeController.swift in Sources */ = {isa = PBXBuildFile; fileRef = EDA8D837201CDCB4004F6A8C /* HomeController.swift */; };
/* End PBXBuildFile section */

/* Begin PBXFileReference section */
		90354B2B583449A03445F929 /* Pods-SpeakUpp.release.xcconfig */ = {isa = PBXFileReference; includeInIndex = 1; lastKnownFileType = text.xcconfig; name = "Pods-SpeakUpp.release.xcconfig"; path = "Pods/Target Support Files/Pods-SpeakUpp/Pods-SpeakUpp.release.xcconfig"; sourceTree = "<group>"; };
		9728968BE78037722D55C171 /* Pods-SpeakUpp.debug.xcconfig */ = {isa = PBXFileReference; includeInIndex = 1; lastKnownFileType = text.xcconfig; name = "Pods-SpeakUpp.debug.xcconfig"; path = "Pods/Target Support Files/Pods-SpeakUpp/Pods-SpeakUpp.debug.xcconfig"; sourceTree = "<group>"; };
		ED158FB92020B216000E43BB /* ResetPinController.swift */ = {isa = PBXFileReference; lastKnownFileType = sourcecode.swift; path = ResetPinController.swift; sourceTree = "<group>"; };
		ED158FBB2020BAA0000E43BB /* LogoOutController.swift */ = {isa = PBXFileReference; lastKnownFileType = sourcecode.swift; path = LogoOutController.swift; sourceTree = "<group>"; };
		ED158FBE2020E626000E43BB /* SettingController.swift */ = {isa = PBXFileReference; lastKnownFileType = sourcecode.swift; path = SettingController.swift; sourceTree = "<group>"; };
		ED158FC820211639000E43BB /* SearchController.swift */ = {isa = PBXFileReference; lastKnownFileType = sourcecode.swift; path = SearchController.swift; sourceTree = "<group>"; };
		ED257C76201CF95A00F1E5F3 /* LeftDrawerController.swift */ = {isa = PBXFileReference; lastKnownFileType = sourcecode.swift; path = LeftDrawerController.swift; sourceTree = "<group>"; };
		ED5679DD2016119700F52B89 /* SpeakUpp.app */ = {isa = PBXFileReference; explicitFileType = wrapper.application; includeInIndex = 0; path = SpeakUpp.app; sourceTree = BUILT_PRODUCTS_DIR; };
		ED5679E02016119700F52B89 /* AppDelegate.swift */ = {isa = PBXFileReference; lastKnownFileType = sourcecode.swift; path = AppDelegate.swift; sourceTree = "<group>"; };
		ED5679E22016119700F52B89 /* OnboardViewController.swift */ = {isa = PBXFileReference; lastKnownFileType = sourcecode.swift; path = OnboardViewController.swift; sourceTree = "<group>"; };
		ED5679E52016119700F52B89 /* Base */ = {isa = PBXFileReference; lastKnownFileType = file.storyboard; name = Base; path = Base.lproj/Main.storyboard; sourceTree = "<group>"; };
		ED5679E72016119700F52B89 /* Assets.xcassets */ = {isa = PBXFileReference; lastKnownFileType = folder.assetcatalog; path = Assets.xcassets; sourceTree = "<group>"; };
		ED5679EA2016119700F52B89 /* Base */ = {isa = PBXFileReference; lastKnownFileType = file.storyboard; name = Base; path = Base.lproj/LaunchScreen.storyboard; sourceTree = "<group>"; };
		ED5679EC2016119700F52B89 /* Info.plist */ = {isa = PBXFileReference; lastKnownFileType = text.plist.xml; path = Info.plist; sourceTree = "<group>"; };
		ED5679F32016451F00F52B89 /* User.swift */ = {isa = PBXFileReference; lastKnownFileType = sourcecode.swift; path = User.swift; sourceTree = "<group>"; };
		ED5679F62016459100F52B89 /* Mics.swift */ = {isa = PBXFileReference; lastKnownFileType = sourcecode.swift; path = Mics.swift; sourceTree = "<group>"; };
		ED5679F8201645F300F52B89 /* Key.swift */ = {isa = PBXFileReference; lastKnownFileType = sourcecode.swift; path = Key.swift; sourceTree = "<group>"; };
		ED5679FA2016465300F52B89 /* ViewControllerHelper.swift */ = {isa = PBXFileReference; lastKnownFileType = sourcecode.swift; path = ViewControllerHelper.swift; sourceTree = "<group>"; };
		ED5679FD20165E9900F52B89 /* Page.swift */ = {isa = PBXFileReference; lastKnownFileType = sourcecode.swift; path = Page.swift; sourceTree = "<group>"; };
		ED5679FF20165EE300F52B89 /* WelcomeController.swift */ = {isa = PBXFileReference; lastKnownFileType = sourcecode.swift; path = WelcomeController.swift; sourceTree = "<group>"; };
		ED567A01201665A700F52B89 /* BaseCell.swift */ = {isa = PBXFileReference; lastKnownFileType = sourcecode.swift; path = BaseCell.swift; sourceTree = "<group>"; };
		ED567A04201665D200F52B89 /* SwipingPageCell.swift */ = {isa = PBXFileReference; lastKnownFileType = sourcecode.swift; path = SwipingPageCell.swift; sourceTree = "<group>"; };
		ED567A06201666A400F52B89 /* Extension.swift */ = {isa = PBXFileReference; lastKnownFileType = sourcecode.swift; path = Extension.swift; sourceTree = "<group>"; };
		ED6C6E46201F732600C15586 /* HomeMenuBar.swift */ = {isa = PBXFileReference; lastKnownFileType = sourcecode.swift; path = HomeMenuBar.swift; sourceTree = "<group>"; };
		ED6C6E48201F739100C15586 /* BaseUIView.swift */ = {isa = PBXFileReference; lastKnownFileType = sourcecode.swift; path = BaseUIView.swift; sourceTree = "<group>"; };
		ED6C6E4A201F74B900C15586 /* HomeMenuBarCell.swift */ = {isa = PBXFileReference; lastKnownFileType = sourcecode.swift; path = HomeMenuBarCell.swift; sourceTree = "<group>"; };
		ED6C6E4E201F967D00C15586 /* HomeCell.swift */ = {isa = PBXFileReference; lastKnownFileType = sourcecode.swift; path = HomeCell.swift; sourceTree = "<group>"; };
		ED6C6E50201FA35D00C15586 /* Feed.swift */ = {isa = PBXFileReference; lastKnownFileType = sourcecode.swift; path = Feed.swift; sourceTree = "<group>"; };
		ED6C6E52201FB1F400C15586 /* HomeCellTopBarCell.swift */ = {isa = PBXFileReference; lastKnownFileType = sourcecode.swift; path = HomeCellTopBarCell.swift; sourceTree = "<group>"; };
		ED6C6E54201FD8B200C15586 /* BaseFeedCell.swift */ = {isa = PBXFileReference; lastKnownFileType = sourcecode.swift; path = BaseFeedCell.swift; sourceTree = "<group>"; };
		ED6C6E56201FE98200C15586 /* TrendingCell.swift */ = {isa = PBXFileReference; lastKnownFileType = sourcecode.swift; path = TrendingCell.swift; sourceTree = "<group>"; };
		ED6C6E58201FEB9400C15586 /* TrendingCellTopBarCell.swift */ = {isa = PBXFileReference; lastKnownFileType = sourcecode.swift; path = TrendingCellTopBarCell.swift; sourceTree = "<group>"; };
		ED6C6E5A202072AF00C15586 /* EventCell.swift */ = {isa = PBXFileReference; lastKnownFileType = sourcecode.swift; path = EventCell.swift; sourceTree = "<group>"; };
		ED6C6E5C2020734E00C15586 /* EventItemCell.swift */ = {isa = PBXFileReference; lastKnownFileType = sourcecode.swift; path = EventItemCell.swift; sourceTree = "<group>"; };
		ED6C6E5E2020740200C15586 /* ProfileCell.swift */ = {isa = PBXFileReference; lastKnownFileType = sourcecode.swift; path = ProfileCell.swift; sourceTree = "<group>"; };
		ED7E17982017DB88006DF756 /* LoginController.swift */ = {isa = PBXFileReference; lastKnownFileType = sourcecode.swift; path = LoginController.swift; sourceTree = "<group>"; };
		ED7E179B20188C25006DF756 /* RobotoBold.ttf */ = {isa = PBXFileReference; lastKnownFileType = file; path = RobotoBold.ttf; sourceTree = "<group>"; };
		ED7E179C20188C25006DF756 /* RobotoLight.ttf */ = {isa = PBXFileReference; lastKnownFileType = file; path = RobotoLight.ttf; sourceTree = "<group>"; };
		ED7E179D20188C25006DF756 /* RobotoMedium.ttf */ = {isa = PBXFileReference; lastKnownFileType = file; path = RobotoMedium.ttf; sourceTree = "<group>"; };
		ED7E179E20188C26006DF756 /* RobotoRegular.ttf */ = {isa = PBXFileReference; lastKnownFileType = file; path = RobotoRegular.ttf; sourceTree = "<group>"; };
		ED7E17A420192017006DF756 /* SCLAlertView.swift */ = {isa = PBXFileReference; lastKnownFileType = sourcecode.swift; path = SCLAlertView.swift; sourceTree = "<group>"; };
		ED7E17A6201921A1006DF756 /* SCLExtensions.swift */ = {isa = PBXFileReference; lastKnownFileType = sourcecode.swift; path = SCLExtensions.swift; sourceTree = "<group>"; };
		ED7E17A820192C61006DF756 /* SpeakUppEnums.swift */ = {isa = PBXFileReference; lastKnownFileType = sourcecode.swift; path = SpeakUppEnums.swift; sourceTree = "<group>"; };
		ED7E17AA2019D4FB006DF756 /* BaseScrollViewController.swift */ = {isa = PBXFileReference; lastKnownFileType = sourcecode.swift; path = BaseScrollViewController.swift; sourceTree = "<group>"; };
		ED7E17AD2019DB1C006DF756 /* SignUpController.swift */ = {isa = PBXFileReference; lastKnownFileType = sourcecode.swift; path = SignUpController.swift; sourceTree = "<group>"; };
		ED7E17AF2019FECB006DF756 /* CheckBox.swift */ = {isa = PBXFileReference; lastKnownFileType = sourcecode.swift; path = CheckBox.swift; sourceTree = "<group>"; };
		ED7E17B1201B5DF4006DF756 /* SignUpVerificationController.swift */ = {isa = PBXFileReference; lastKnownFileType = sourcecode.swift; path = SignUpVerificationController.swift; sourceTree = "<group>"; };
		EDA8D834201CCA96004F6A8C /* VerificationCodeController.swift */ = {isa = PBXFileReference; lastKnownFileType = sourcecode.swift; path = VerificationCodeController.swift; sourceTree = "<group>"; };
		EDA8D837201CDCB4004F6A8C /* HomeController.swift */ = {isa = PBXFileReference; lastKnownFileType = sourcecode.swift; path = HomeController.swift; sourceTree = "<group>"; };
		FDC8A705F567908CBFC1B8E5 /* Pods_SpeakUpp.framework */ = {isa = PBXFileReference; explicitFileType = wrapper.framework; includeInIndex = 0; path = Pods_SpeakUpp.framework; sourceTree = BUILT_PRODUCTS_DIR; };
/* End PBXFileReference section */

/* Begin PBXFrameworksBuildPhase section */
		ED5679DA2016119700F52B89 /* Frameworks */ = {
			isa = PBXFrameworksBuildPhase;
			buildActionMask = 2147483647;
			files = (
				61034065158F824F00FDD139 /* Pods_SpeakUpp.framework in Frameworks */,
			);
			runOnlyForDeploymentPostprocessing = 0;
		};
/* End PBXFrameworksBuildPhase section */

/* Begin PBXGroup section */
		877E572D4106D1A53A3AAA1B /* Pods */ = {
			isa = PBXGroup;
			children = (
				9728968BE78037722D55C171 /* Pods-SpeakUpp.debug.xcconfig */,
				90354B2B583449A03445F929 /* Pods-SpeakUpp.release.xcconfig */,
			);
			name = Pods;
			sourceTree = "<group>";
		};
		D92D659581D38B2DF7E606AD /* Frameworks */ = {
			isa = PBXGroup;
			children = (
				FDC8A705F567908CBFC1B8E5 /* Pods_SpeakUpp.framework */,
			);
			name = Frameworks;
			sourceTree = "<group>";
		};
		ED158FBD2020BEBD000E43BB /* Setting */ = {
			isa = PBXGroup;
			children = (
				ED158FBE2020E626000E43BB /* SettingController.swift */,
			);
			path = Setting;
			sourceTree = "<group>";
		};
		ED158FC7202115FF000E43BB /* Search */ = {
			isa = PBXGroup;
			children = (
				ED158FC820211639000E43BB /* SearchController.swift */,
			);
			path = Search;
			sourceTree = "<group>";
		};
		ED5679D42016119700F52B89 = {
			isa = PBXGroup;
			children = (
				ED5679DF2016119700F52B89 /* SpeakUpp */,
				ED5679DE2016119700F52B89 /* Products */,
				877E572D4106D1A53A3AAA1B /* Pods */,
				D92D659581D38B2DF7E606AD /* Frameworks */,
			);
			sourceTree = "<group>";
		};
		ED5679DE2016119700F52B89 /* Products */ = {
			isa = PBXGroup;
			children = (
				ED5679DD2016119700F52B89 /* SpeakUpp.app */,
			);
			name = Products;
			sourceTree = "<group>";
		};
		ED5679DF2016119700F52B89 /* SpeakUpp */ = {
			isa = PBXGroup;
			children = (
				ED158FC7202115FF000E43BB /* Search */,
				ED158FBD2020BEBD000E43BB /* Setting */,
				ED6C6E4D201F965C00C15586 /* HomeCell */,
				ED6C6E4C201F964400C15586 /* MenuCell */,
				EDA8D836201CDC9A004F6A8C /* Home */,
				ED7E17AC2019D500006DF756 /* HelperController */,
				ED7E179A20188BD9006DF756 /* Fonts */,
				ED567A03201665AC00F52B89 /* Cell */,
				ED5679FC2016477D00F52B89 /* SetUp */,
				ED5679F52016456900F52B89 /* Utility */,
				ED5679F22016450000F52B89 /* Model */,
				ED5679E02016119700F52B89 /* AppDelegate.swift */,
				ED5679E42016119700F52B89 /* Main.storyboard */,
				ED5679E72016119700F52B89 /* Assets.xcassets */,
				ED5679E92016119700F52B89 /* LaunchScreen.storyboard */,
				ED5679EC2016119700F52B89 /* Info.plist */,
			);
			path = SpeakUpp;
			sourceTree = "<group>";
		};
		ED5679F22016450000F52B89 /* Model */ = {
			isa = PBXGroup;
			children = (
				ED5679F32016451F00F52B89 /* User.swift */,
				ED5679FD20165E9900F52B89 /* Page.swift */,
				ED6C6E50201FA35D00C15586 /* Feed.swift */,
			);
			path = Model;
			sourceTree = "<group>";
		};
		ED5679F52016456900F52B89 /* Utility */ = {
			isa = PBXGroup;
			children = (
				ED5679F62016459100F52B89 /* Mics.swift */,
				ED5679F8201645F300F52B89 /* Key.swift */,
				ED5679FA2016465300F52B89 /* ViewControllerHelper.swift */,
				ED567A06201666A400F52B89 /* Extension.swift */,
				ED7E17A420192017006DF756 /* SCLAlertView.swift */,
				ED7E17A6201921A1006DF756 /* SCLExtensions.swift */,
				ED7E17A820192C61006DF756 /* SpeakUppEnums.swift */,
				ED7E17AF2019FECB006DF756 /* CheckBox.swift */,
				ED6C6E48201F739100C15586 /* BaseUIView.swift */,
			);
			path = Utility;
			sourceTree = "<group>";
		};
		ED5679FC2016477D00F52B89 /* SetUp */ = {
			isa = PBXGroup;
			children = (
				ED5679E22016119700F52B89 /* OnboardViewController.swift */,
				ED5679FF20165EE300F52B89 /* WelcomeController.swift */,
				ED7E17982017DB88006DF756 /* LoginController.swift */,
				ED7E17AD2019DB1C006DF756 /* SignUpController.swift */,
				ED7E17B1201B5DF4006DF756 /* SignUpVerificationController.swift */,
				EDA8D834201CCA96004F6A8C /* VerificationCodeController.swift */,
				ED158FB92020B216000E43BB /* ResetPinController.swift */,
				ED158FBB2020BAA0000E43BB /* LogoOutController.swift */,
			);
			path = SetUp;
			sourceTree = "<group>";
		};
		ED567A03201665AC00F52B89 /* Cell */ = {
			isa = PBXGroup;
			children = (
				ED567A01201665A700F52B89 /* BaseCell.swift */,
				ED567A04201665D200F52B89 /* SwipingPageCell.swift */,
			);
			path = Cell;
			sourceTree = "<group>";
		};
		ED6C6E4C201F964400C15586 /* MenuCell */ = {
			isa = PBXGroup;
			children = (
				ED6C6E46201F732600C15586 /* HomeMenuBar.swift */,
				ED6C6E4A201F74B900C15586 /* HomeMenuBarCell.swift */,
			);
			path = MenuCell;
			sourceTree = "<group>";
		};
		ED6C6E4D201F965C00C15586 /* HomeCell */ = {
			isa = PBXGroup;
			children = (
				ED6C6E4E201F967D00C15586 /* HomeCell.swift */,
				ED6C6E52201FB1F400C15586 /* HomeCellTopBarCell.swift */,
				ED6C6E54201FD8B200C15586 /* BaseFeedCell.swift */,
				ED6C6E56201FE98200C15586 /* TrendingCell.swift */,
				ED6C6E58201FEB9400C15586 /* TrendingCellTopBarCell.swift */,
				ED6C6E5A202072AF00C15586 /* EventCell.swift */,
				ED6C6E5C2020734E00C15586 /* EventItemCell.swift */,
				ED6C6E5E2020740200C15586 /* ProfileCell.swift */,
			);
			path = HomeCell;
			sourceTree = "<group>";
		};
		ED7E179A20188BD9006DF756 /* Fonts */ = {
			isa = PBXGroup;
			children = (
				ED7E179B20188C25006DF756 /* RobotoBold.ttf */,
				ED7E179C20188C25006DF756 /* RobotoLight.ttf */,
				ED7E179D20188C25006DF756 /* RobotoMedium.ttf */,
				ED7E179E20188C26006DF756 /* RobotoRegular.ttf */,
			);
			path = Fonts;
			sourceTree = "<group>";
		};
		ED7E17AC2019D500006DF756 /* HelperController */ = {
			isa = PBXGroup;
			children = (
				ED7E17AA2019D4FB006DF756 /* BaseScrollViewController.swift */,
			);
			path = HelperController;
			sourceTree = "<group>";
		};
		EDA8D836201CDC9A004F6A8C /* Home */ = {
			isa = PBXGroup;
			children = (
				EDA8D837201CDCB4004F6A8C /* HomeController.swift */,
				ED257C76201CF95A00F1E5F3 /* LeftDrawerController.swift */,
			);
			path = Home;
			sourceTree = "<group>";
		};
/* End PBXGroup section */

/* Begin PBXNativeTarget section */
		ED5679DC2016119700F52B89 /* SpeakUpp */ = {
			isa = PBXNativeTarget;
			buildConfigurationList = ED5679EF2016119700F52B89 /* Build configuration list for PBXNativeTarget "SpeakUpp" */;
			buildPhases = (
				26D9C0D62446309AFC85B6F3 /* [CP] Check Pods Manifest.lock */,
				ED5679D92016119700F52B89 /* Sources */,
				ED5679DA2016119700F52B89 /* Frameworks */,
				ED5679DB2016119700F52B89 /* Resources */,
				0B2F665411E18B86379F40F4 /* [CP] Embed Pods Frameworks */,
				B40E2C9DB66723CEFFAB414F /* [CP] Copy Pods Resources */,
			);
			buildRules = (
			);
			dependencies = (
			);
			name = SpeakUpp;
			productName = SpeakUpp;
			productReference = ED5679DD2016119700F52B89 /* SpeakUpp.app */;
			productType = "com.apple.product-type.application";
		};
/* End PBXNativeTarget section */

/* Begin PBXProject section */
		ED5679D52016119700F52B89 /* Project object */ = {
			isa = PBXProject;
			attributes = {
				LastSwiftUpdateCheck = 0920;
				LastUpgradeCheck = 0920;
				ORGANIZATIONNAME = "Bright Limited";
				TargetAttributes = {
					ED5679DC2016119700F52B89 = {
						CreatedOnToolsVersion = 9.2;
						ProvisioningStyle = Automatic;
					};
				};
			};
			buildConfigurationList = ED5679D82016119700F52B89 /* Build configuration list for PBXProject "SpeakUpp" */;
			compatibilityVersion = "Xcode 8.0";
			developmentRegion = en;
			hasScannedForEncodings = 0;
			knownRegions = (
				en,
				Base,
			);
			mainGroup = ED5679D42016119700F52B89;
			productRefGroup = ED5679DE2016119700F52B89 /* Products */;
			projectDirPath = "";
			projectRoot = "";
			targets = (
				ED5679DC2016119700F52B89 /* SpeakUpp */,
			);
		};
/* End PBXProject section */

/* Begin PBXResourcesBuildPhase section */
		ED5679DB2016119700F52B89 /* Resources */ = {
			isa = PBXResourcesBuildPhase;
			buildActionMask = 2147483647;
			files = (
				ED7E179F20188EEE006DF756 /* RobotoBold.ttf in Resources */,
				ED7E17A020188EEE006DF756 /* RobotoLight.ttf in Resources */,
				ED7E17A120188EEE006DF756 /* RobotoMedium.ttf in Resources */,
				ED7E17A220188EEE006DF756 /* RobotoRegular.ttf in Resources */,
				ED5679EB2016119700F52B89 /* LaunchScreen.storyboard in Resources */,
				ED5679E82016119700F52B89 /* Assets.xcassets in Resources */,
			);
			runOnlyForDeploymentPostprocessing = 0;
		};
/* End PBXResourcesBuildPhase section */

/* Begin PBXShellScriptBuildPhase section */
		0B2F665411E18B86379F40F4 /* [CP] Embed Pods Frameworks */ = {
			isa = PBXShellScriptBuildPhase;
			buildActionMask = 2147483647;
			files = (
			);
			inputPaths = (
			);
			name = "[CP] Embed Pods Frameworks";
			outputPaths = (
			);
			runOnlyForDeploymentPostprocessing = 0;
			shellPath = /bin/sh;
			shellScript = "\"${SRCROOT}/Pods/Target Support Files/Pods-SpeakUpp/Pods-SpeakUpp-frameworks.sh\"\n";
			showEnvVarsInLog = 0;
		};
		26D9C0D62446309AFC85B6F3 /* [CP] Check Pods Manifest.lock */ = {
			isa = PBXShellScriptBuildPhase;
			buildActionMask = 2147483647;
			files = (
			);
			inputPaths = (
			);
			name = "[CP] Check Pods Manifest.lock";
			outputPaths = (
			);
			runOnlyForDeploymentPostprocessing = 0;
			shellPath = /bin/sh;
			shellScript = "diff \"${PODS_ROOT}/../Podfile.lock\" \"${PODS_ROOT}/Manifest.lock\" > /dev/null\nif [ $? != 0 ] ; then\n    # print error to STDERR\n    echo \"error: The sandbox is not in sync with the Podfile.lock. Run 'pod install' or update your CocoaPods installation.\" >&2\n    exit 1\nfi\n";
			showEnvVarsInLog = 0;
		};
		B40E2C9DB66723CEFFAB414F /* [CP] Copy Pods Resources */ = {
			isa = PBXShellScriptBuildPhase;
			buildActionMask = 2147483647;
			files = (
			);
			inputPaths = (
			);
			name = "[CP] Copy Pods Resources";
			outputPaths = (
			);
			runOnlyForDeploymentPostprocessing = 0;
			shellPath = /bin/sh;
			shellScript = "\"${SRCROOT}/Pods/Target Support Files/Pods-SpeakUpp/Pods-SpeakUpp-resources.sh\"\n";
			showEnvVarsInLog = 0;
		};
/* End PBXShellScriptBuildPhase section */

/* Begin PBXSourcesBuildPhase section */
		ED5679D92016119700F52B89 /* Sources */ = {
			isa = PBXSourcesBuildPhase;
			buildActionMask = 2147483647;
			files = (
				ED567A05201665D200F52B89 /* SwipingPageCell.swift in Sources */,
				ED257C77201CF95A00F1E5F3 /* LeftDrawerController.swift in Sources */,
				ED6C6E57201FE98200C15586 /* TrendingCell.swift in Sources */,
				ED7E17992017DB88006DF756 /* LoginController.swift in Sources */,
				ED6C6E4B201F74B900C15586 /* HomeMenuBarCell.swift in Sources */,
				EDA8D838201CDCB4004F6A8C /* HomeController.swift in Sources */,
				ED7E17B02019FECB006DF756 /* CheckBox.swift in Sources */,
				ED6C6E4F201F967D00C15586 /* HomeCell.swift in Sources */,
				ED7E17AB2019D4FB006DF756 /* BaseScrollViewController.swift in Sources */,
				ED6C6E47201F732600C15586 /* HomeMenuBar.swift in Sources */,
				ED7E17A920192C61006DF756 /* SpeakUppEnums.swift in Sources */,
				ED5679E32016119700F52B89 /* OnboardViewController.swift in Sources */,
				ED6C6E5B202072AF00C15586 /* EventCell.swift in Sources */,
				EDA8D835201CCA96004F6A8C /* VerificationCodeController.swift in Sources */,
				ED5679F9201645F300F52B89 /* Key.swift in Sources */,
				ED6C6E5D2020734E00C15586 /* EventItemCell.swift in Sources */,
				ED567A0020165EE300F52B89 /* WelcomeController.swift in Sources */,
				ED6C6E5F2020740200C15586 /* ProfileCell.swift in Sources */,
				ED567A07201666A400F52B89 /* Extension.swift in Sources */,
				ED5679FB2016465300F52B89 /* ViewControllerHelper.swift in Sources */,
				ED6C6E59201FEB9400C15586 /* TrendingCellTopBarCell.swift in Sources */,
				ED158FC920211639000E43BB /* SearchController.swift in Sources */,
				ED7E17AE2019DB1C006DF756 /* SignUpController.swift in Sources */,
				ED567A02201665A700F52B89 /* BaseCell.swift in Sources */,
				ED158FBC2020BAA0000E43BB /* LogoOutController.swift in Sources */,
				ED7E17A7201921A1006DF756 /* SCLExtensions.swift in Sources */,
				ED6C6E51201FA35D00C15586 /* Feed.swift in Sources */,
				ED6C6E53201FB1F400C15586 /* HomeCellTopBarCell.swift in Sources */,
				ED5679F72016459100F52B89 /* Mics.swift in Sources */,
				ED7E17B2201B5DF4006DF756 /* SignUpVerificationController.swift in Sources */,
				ED5679FE20165E9900F52B89 /* Page.swift in Sources */,
				ED158FBF2020E626000E43BB /* SettingController.swift in Sources */,
				ED158FBA2020B216000E43BB /* ResetPinController.swift in Sources */,
				ED5679E12016119700F52B89 /* AppDelegate.swift in Sources */,
				ED5679F42016451F00F52B89 /* User.swift in Sources */,
				ED7E17A520192017006DF756 /* SCLAlertView.swift in Sources */,
				ED6C6E49201F739100C15586 /* BaseUIView.swift in Sources */,
				ED6C6E55201FD8B200C15586 /* BaseFeedCell.swift in Sources */,
			);
			runOnlyForDeploymentPostprocessing = 0;
		};
/* End PBXSourcesBuildPhase section */

/* Begin PBXVariantGroup section */
		ED5679E42016119700F52B89 /* Main.storyboard */ = {
			isa = PBXVariantGroup;
			children = (
				ED5679E52016119700F52B89 /* Base */,
			);
			name = Main.storyboard;
			sourceTree = "<group>";
		};
		ED5679E92016119700F52B89 /* LaunchScreen.storyboard */ = {
			isa = PBXVariantGroup;
			children = (
				ED5679EA2016119700F52B89 /* Base */,
			);
			name = LaunchScreen.storyboard;
			sourceTree = "<group>";
		};
/* End PBXVariantGroup section */

/* Begin XCBuildConfiguration section */
		ED5679ED2016119700F52B89 /* Debug */ = {
			isa = XCBuildConfiguration;
			buildSettings = {
				ALWAYS_SEARCH_USER_PATHS = NO;
				CLANG_ANALYZER_NONNULL = YES;
				CLANG_ANALYZER_NUMBER_OBJECT_CONVERSION = YES_AGGRESSIVE;
				CLANG_CXX_LANGUAGE_STANDARD = "gnu++14";
				CLANG_CXX_LIBRARY = "libc++";
				CLANG_ENABLE_MODULES = YES;
				CLANG_ENABLE_OBJC_ARC = YES;
				CLANG_WARN_BLOCK_CAPTURE_AUTORELEASING = YES;
				CLANG_WARN_BOOL_CONVERSION = YES;
				CLANG_WARN_COMMA = YES;
				CLANG_WARN_CONSTANT_CONVERSION = YES;
				CLANG_WARN_DIRECT_OBJC_ISA_USAGE = YES_ERROR;
				CLANG_WARN_DOCUMENTATION_COMMENTS = YES;
				CLANG_WARN_EMPTY_BODY = YES;
				CLANG_WARN_ENUM_CONVERSION = YES;
				CLANG_WARN_INFINITE_RECURSION = YES;
				CLANG_WARN_INT_CONVERSION = YES;
				CLANG_WARN_NON_LITERAL_NULL_CONVERSION = YES;
				CLANG_WARN_OBJC_LITERAL_CONVERSION = YES;
				CLANG_WARN_OBJC_ROOT_CLASS = YES_ERROR;
				CLANG_WARN_RANGE_LOOP_ANALYSIS = YES;
				CLANG_WARN_STRICT_PROTOTYPES = YES;
				CLANG_WARN_SUSPICIOUS_MOVE = YES;
				CLANG_WARN_UNGUARDED_AVAILABILITY = YES_AGGRESSIVE;
				CLANG_WARN_UNREACHABLE_CODE = YES;
				CLANG_WARN__DUPLICATE_METHOD_MATCH = YES;
				CODE_SIGN_IDENTITY = "iPhone Developer";
				COPY_PHASE_STRIP = NO;
				DEBUG_INFORMATION_FORMAT = dwarf;
				ENABLE_STRICT_OBJC_MSGSEND = YES;
				ENABLE_TESTABILITY = YES;
				GCC_C_LANGUAGE_STANDARD = gnu11;
				GCC_DYNAMIC_NO_PIC = NO;
				GCC_NO_COMMON_BLOCKS = YES;
				GCC_OPTIMIZATION_LEVEL = 0;
				GCC_PREPROCESSOR_DEFINITIONS = (
					"DEBUG=1",
					"$(inherited)",
				);
				GCC_WARN_64_TO_32_BIT_CONVERSION = YES;
				GCC_WARN_ABOUT_RETURN_TYPE = YES_ERROR;
				GCC_WARN_UNDECLARED_SELECTOR = YES;
				GCC_WARN_UNINITIALIZED_AUTOS = YES_AGGRESSIVE;
				GCC_WARN_UNUSED_FUNCTION = YES;
				GCC_WARN_UNUSED_VARIABLE = YES;
				IPHONEOS_DEPLOYMENT_TARGET = 11.2;
				MTL_ENABLE_DEBUG_INFO = YES;
				ONLY_ACTIVE_ARCH = YES;
				SDKROOT = iphoneos;
				SWIFT_ACTIVE_COMPILATION_CONDITIONS = DEBUG;
				SWIFT_OPTIMIZATION_LEVEL = "-Onone";
			};
			name = Debug;
		};
		ED5679EE2016119700F52B89 /* Release */ = {
			isa = XCBuildConfiguration;
			buildSettings = {
				ALWAYS_SEARCH_USER_PATHS = NO;
				CLANG_ANALYZER_NONNULL = YES;
				CLANG_ANALYZER_NUMBER_OBJECT_CONVERSION = YES_AGGRESSIVE;
				CLANG_CXX_LANGUAGE_STANDARD = "gnu++14";
				CLANG_CXX_LIBRARY = "libc++";
				CLANG_ENABLE_MODULES = YES;
				CLANG_ENABLE_OBJC_ARC = YES;
				CLANG_WARN_BLOCK_CAPTURE_AUTORELEASING = YES;
				CLANG_WARN_BOOL_CONVERSION = YES;
				CLANG_WARN_COMMA = YES;
				CLANG_WARN_CONSTANT_CONVERSION = YES;
				CLANG_WARN_DIRECT_OBJC_ISA_USAGE = YES_ERROR;
				CLANG_WARN_DOCUMENTATION_COMMENTS = YES;
				CLANG_WARN_EMPTY_BODY = YES;
				CLANG_WARN_ENUM_CONVERSION = YES;
				CLANG_WARN_INFINITE_RECURSION = YES;
				CLANG_WARN_INT_CONVERSION = YES;
				CLANG_WARN_NON_LITERAL_NULL_CONVERSION = YES;
				CLANG_WARN_OBJC_LITERAL_CONVERSION = YES;
				CLANG_WARN_OBJC_ROOT_CLASS = YES_ERROR;
				CLANG_WARN_RANGE_LOOP_ANALYSIS = YES;
				CLANG_WARN_STRICT_PROTOTYPES = YES;
				CLANG_WARN_SUSPICIOUS_MOVE = YES;
				CLANG_WARN_UNGUARDED_AVAILABILITY = YES_AGGRESSIVE;
				CLANG_WARN_UNREACHABLE_CODE = YES;
				CLANG_WARN__DUPLICATE_METHOD_MATCH = YES;
				CODE_SIGN_IDENTITY = "iPhone Developer";
				COPY_PHASE_STRIP = NO;
				DEBUG_INFORMATION_FORMAT = "dwarf-with-dsym";
				ENABLE_NS_ASSERTIONS = NO;
				ENABLE_STRICT_OBJC_MSGSEND = YES;
				GCC_C_LANGUAGE_STANDARD = gnu11;
				GCC_NO_COMMON_BLOCKS = YES;
				GCC_WARN_64_TO_32_BIT_CONVERSION = YES;
				GCC_WARN_ABOUT_RETURN_TYPE = YES_ERROR;
				GCC_WARN_UNDECLARED_SELECTOR = YES;
				GCC_WARN_UNINITIALIZED_AUTOS = YES_AGGRESSIVE;
				GCC_WARN_UNUSED_FUNCTION = YES;
				GCC_WARN_UNUSED_VARIABLE = YES;
				IPHONEOS_DEPLOYMENT_TARGET = 11.2;
				MTL_ENABLE_DEBUG_INFO = NO;
				SDKROOT = iphoneos;
				SWIFT_OPTIMIZATION_LEVEL = "-Owholemodule";
				VALIDATE_PRODUCT = YES;
			};
			name = Release;
		};
		ED5679F02016119700F52B89 /* Debug */ = {
			isa = XCBuildConfiguration;
			baseConfigurationReference = 9728968BE78037722D55C171 /* Pods-SpeakUpp.debug.xcconfig */;
			buildSettings = {
				ASSETCATALOG_COMPILER_APPICON_NAME = AppIcon;
				CODE_SIGN_STYLE = Automatic;
				DEVELOPMENT_TEAM = 3YB9QYP2E3;
				INFOPLIST_FILE = SpeakUpp/Info.plist;
				LD_RUNPATH_SEARCH_PATHS = "$(inherited) @executable_path/Frameworks";
				PRODUCT_BUNDLE_IDENTIFIER = com.contus.mobile.SpeakUpp;
				PRODUCT_NAME = "$(TARGET_NAME)";
				SWIFT_VERSION = 4.0;
				TARGETED_DEVICE_FAMILY = "1,2";
			};
			name = Debug;
		};
		ED5679F12016119700F52B89 /* Release */ = {
			isa = XCBuildConfiguration;
			baseConfigurationReference = 90354B2B583449A03445F929 /* Pods-SpeakUpp.release.xcconfig */;
			buildSettings = {
				ASSETCATALOG_COMPILER_APPICON_NAME = AppIcon;
				CODE_SIGN_STYLE = Automatic;
				DEVELOPMENT_TEAM = 3YB9QYP2E3;
				INFOPLIST_FILE = SpeakUpp/Info.plist;
				LD_RUNPATH_SEARCH_PATHS = "$(inherited) @executable_path/Frameworks";
				PRODUCT_BUNDLE_IDENTIFIER = com.contus.mobile.SpeakUpp;
				PRODUCT_NAME = "$(TARGET_NAME)";
				SWIFT_VERSION = 4.0;
				TARGETED_DEVICE_FAMILY = "1,2";
			};
			name = Release;
		};
/* End XCBuildConfiguration section */

/* Begin XCConfigurationList section */
		ED5679D82016119700F52B89 /* Build configuration list for PBXProject "SpeakUpp" */ = {
			isa = XCConfigurationList;
			buildConfigurations = (
				ED5679ED2016119700F52B89 /* Debug */,
				ED5679EE2016119700F52B89 /* Release */,
			);
			defaultConfigurationIsVisible = 0;
			defaultConfigurationName = Release;
		};
		ED5679EF2016119700F52B89 /* Build configuration list for PBXNativeTarget "SpeakUpp" */ = {
			isa = XCConfigurationList;
			buildConfigurations = (
				ED5679F02016119700F52B89 /* Debug */,
				ED5679F12016119700F52B89 /* Release */,
			);
			defaultConfigurationIsVisible = 0;
			defaultConfigurationName = Release;
		};
/* End XCConfigurationList section */
	};
	rootObject = ED5679D52016119700F52B89 /* Project object */;
}
