// !$*UTF8*$!
{
	archiveVersion = 1;
	classes = {
	};
	objectVersion = 48;
	objects = {

/* Begin PBXBuildFile section */
		0B1C51AA43C69AA5DDD497D4 /* libPods-OneSignalNotificationServiceExtension.a in Frameworks */ = {isa = PBXBuildFile; fileRef = 9523630B788BAD90C98AFB6F /* libPods-OneSignalNotificationServiceExtension.a */; };
		61034065158F824F00FDD139 /* Pods_SpeakUpp.framework in Frameworks */ = {isa = PBXBuildFile; fileRef = FDC8A705F567908CBFC1B8E5 /* Pods_SpeakUpp.framework */; };
		ED07D2AC2059C836003C3550 /* PlayerView.swift in Sources */ = {isa = PBXBuildFile; fileRef = ED07D2AB2059C836003C3550 /* PlayerView.swift */; };
		ED158FBA2020B216000E43BB /* ResetPinController.swift in Sources */ = {isa = PBXBuildFile; fileRef = ED158FB92020B216000E43BB /* ResetPinController.swift */; };
		ED158FBC2020BAA0000E43BB /* LogoOutController.swift in Sources */ = {isa = PBXBuildFile; fileRef = ED158FBB2020BAA0000E43BB /* LogoOutController.swift */; };
		ED158FBF2020E626000E43BB /* SettingController.swift in Sources */ = {isa = PBXBuildFile; fileRef = ED158FBE2020E626000E43BB /* SettingController.swift */; };
		ED158FC920211639000E43BB /* SearchController.swift in Sources */ = {isa = PBXBuildFile; fileRef = ED158FC820211639000E43BB /* SearchController.swift */; };
		ED158FCC20211999000E43BB /* InviteController.swift in Sources */ = {isa = PBXBuildFile; fileRef = ED158FCB20211999000E43BB /* InviteController.swift */; };
		ED257C77201CF95A00F1E5F3 /* LeftDrawerController.swift in Sources */ = {isa = PBXBuildFile; fileRef = ED257C76201CF95A00F1E5F3 /* LeftDrawerController.swift */; };
		ED421DD5202E55C700D8DF1F /* EventDetailController.swift in Sources */ = {isa = PBXBuildFile; fileRef = ED421DD4202E55C700D8DF1F /* EventDetailController.swift */; };
		ED421DD7202F33CB00D8DF1F /* PollAnsweredCell.swift in Sources */ = {isa = PBXBuildFile; fileRef = ED421DD6202F33CB00D8DF1F /* PollAnsweredCell.swift */; };
		ED421DD9202F8B5F00D8DF1F /* PollAnsweredWithImageCell.swift in Sources */ = {isa = PBXBuildFile; fileRef = ED421DD8202F8B5F00D8DF1F /* PollAnsweredWithImageCell.swift */; };
		ED421DDB203200C700D8DF1F /* UserWorkCloud.swift in Sources */ = {isa = PBXBuildFile; fileRef = ED421DDA203200C700D8DF1F /* UserWorkCloud.swift */; };
		ED421DDE2032058700D8DF1F /* WordCloudCell.swift in Sources */ = {isa = PBXBuildFile; fileRef = ED421DDD2032058700D8DF1F /* WordCloudCell.swift */; };
		ED421DE0203211B300D8DF1F /* BrandsController.swift in Sources */ = {isa = PBXBuildFile; fileRef = ED421DDF203211B300D8DF1F /* BrandsController.swift */; };
		ED421DE22032138300D8DF1F /* BrandCell.swift in Sources */ = {isa = PBXBuildFile; fileRef = ED421DE12032138300D8DF1F /* BrandCell.swift */; };
		ED421DE4203214C200D8DF1F /* Brand.swift in Sources */ = {isa = PBXBuildFile; fileRef = ED421DE3203214C200D8DF1F /* Brand.swift */; };
		ED421DE620322F9D00D8DF1F /* InterestController.swift in Sources */ = {isa = PBXBuildFile; fileRef = ED421DE520322F9D00D8DF1F /* InterestController.swift */; };
		ED421DE82032322300D8DF1F /* InterestCell.swift in Sources */ = {isa = PBXBuildFile; fileRef = ED421DE72032322300D8DF1F /* InterestCell.swift */; };
		ED46DB872032D95C00F6A06E /* EditProfileController.swift in Sources */ = {isa = PBXBuildFile; fileRef = ED46DB862032D95C00F6A06E /* EditProfileController.swift */; };
		ED46DB892032F34600F6A06E /* AWSCredentials.swift in Sources */ = {isa = PBXBuildFile; fileRef = ED46DB882032F34600F6A06E /* AWSCredentials.swift */; };
		ED46DB8C20330A1200F6A06E /* PayVottingController.swift in Sources */ = {isa = PBXBuildFile; fileRef = ED46DB8B20330A1200F6A06E /* PayVottingController.swift */; };
		ED46DB8E20331D5600F6A06E /* PaymentRedirectController.swift in Sources */ = {isa = PBXBuildFile; fileRef = ED46DB8D20331D5600F6A06E /* PaymentRedirectController.swift */; };
		ED46DB922033A8D300F6A06E /* SearchMenuBar.swift in Sources */ = {isa = PBXBuildFile; fileRef = ED46DB912033A8D300F6A06E /* SearchMenuBar.swift */; };
		ED46DB942034161000F6A06E /* CellHelper.swift in Sources */ = {isa = PBXBuildFile; fileRef = ED46DB932034161000F6A06E /* CellHelper.swift */; };
		ED46DB9620345E8300F6A06E /* PollAudioChoiceCell.swift in Sources */ = {isa = PBXBuildFile; fileRef = ED46DB9520345E8300F6A06E /* PollAudioChoiceCell.swift */; };
		ED46DB982034B32600F6A06E /* PeopleCell.swift in Sources */ = {isa = PBXBuildFile; fileRef = ED46DB972034B32600F6A06E /* PeopleCell.swift */; };
		ED46DB9A203596FE00F6A06E /* BaseTableCell.swift in Sources */ = {isa = PBXBuildFile; fileRef = ED46DB99203596FE00F6A06E /* BaseTableCell.swift */; };
		ED46DB9C2035A96000F6A06E /* GetStartedController.swift in Sources */ = {isa = PBXBuildFile; fileRef = ED46DB9B2035A96000F6A06E /* GetStartedController.swift */; };
		ED4BC508205A99540030FF11 /* SpeakUppProtocol.swift in Sources */ = {isa = PBXBuildFile; fileRef = ED4BC507205A99540030FF11 /* SpeakUppProtocol.swift */; };
		ED5679E12016119700F52B89 /* AppDelegate.swift in Sources */ = {isa = PBXBuildFile; fileRef = ED5679E02016119700F52B89 /* AppDelegate.swift */; };
		ED5679E32016119700F52B89 /* OnboardViewController.swift in Sources */ = {isa = PBXBuildFile; fileRef = ED5679E22016119700F52B89 /* OnboardViewController.swift */; };
		ED5679E82016119700F52B89 /* Assets.xcassets in Resources */ = {isa = PBXBuildFile; fileRef = ED5679E72016119700F52B89 /* Assets.xcassets */; };
		ED5679EB2016119700F52B89 /* LaunchScreen.storyboard in Resources */ = {isa = PBXBuildFile; fileRef = ED5679E92016119700F52B89 /* LaunchScreen.storyboard */; };
		ED5679F42016451F00F52B89 /* User.swift in Sources */ = {isa = PBXBuildFile; fileRef = ED5679F32016451F00F52B89 /* User.swift */; };
		ED5679F72016459100F52B89 /* Mics.swift in Sources */ = {isa = PBXBuildFile; fileRef = ED5679F62016459100F52B89 /* Mics.swift */; };
		ED5679F9201645F300F52B89 /* Key.swift in Sources */ = {isa = PBXBuildFile; fileRef = ED5679F8201645F300F52B89 /* Key.swift */; };
		ED5679FB2016465300F52B89 /* ViewControllerHelper.swift in Sources */ = {isa = PBXBuildFile; fileRef = ED5679FA2016465300F52B89 /* ViewControllerHelper.swift */; };
		ED5679FE20165E9900F52B89 /* Page.swift in Sources */ = {isa = PBXBuildFile; fileRef = ED5679FD20165E9900F52B89 /* Page.swift */; };
		ED567A0020165EE300F52B89 /* WelcomeController.swift in Sources */ = {isa = PBXBuildFile; fileRef = ED5679FF20165EE300F52B89 /* WelcomeController.swift */; };
		ED567A02201665A700F52B89 /* BaseCell.swift in Sources */ = {isa = PBXBuildFile; fileRef = ED567A01201665A700F52B89 /* BaseCell.swift */; };
		ED567A05201665D200F52B89 /* SwipingPageCell.swift in Sources */ = {isa = PBXBuildFile; fileRef = ED567A04201665D200F52B89 /* SwipingPageCell.swift */; };
		ED567A07201666A400F52B89 /* Extension.swift in Sources */ = {isa = PBXBuildFile; fileRef = ED567A06201666A400F52B89 /* Extension.swift */; };
		ED6C6E47201F732600C15586 /* HomeMenuBar.swift in Sources */ = {isa = PBXBuildFile; fileRef = ED6C6E46201F732600C15586 /* HomeMenuBar.swift */; };
		ED6C6E49201F739100C15586 /* BaseUIView.swift in Sources */ = {isa = PBXBuildFile; fileRef = ED6C6E48201F739100C15586 /* BaseUIView.swift */; };
		ED6C6E4B201F74B900C15586 /* HomeMenuBarCell.swift in Sources */ = {isa = PBXBuildFile; fileRef = ED6C6E4A201F74B900C15586 /* HomeMenuBarCell.swift */; };
		ED6C6E4F201F967D00C15586 /* HomeCell.swift in Sources */ = {isa = PBXBuildFile; fileRef = ED6C6E4E201F967D00C15586 /* HomeCell.swift */; };
		ED6C6E51201FA35D00C15586 /* PollAuthor.swift in Sources */ = {isa = PBXBuildFile; fileRef = ED6C6E50201FA35D00C15586 /* PollAuthor.swift */; };
		ED6C6E53201FB1F400C15586 /* HomeCellTopBarCell.swift in Sources */ = {isa = PBXBuildFile; fileRef = ED6C6E52201FB1F400C15586 /* HomeCellTopBarCell.swift */; };
		ED6C6E55201FD8B200C15586 /* BaseFeedCell.swift in Sources */ = {isa = PBXBuildFile; fileRef = ED6C6E54201FD8B200C15586 /* BaseFeedCell.swift */; };
		ED6C6E57201FE98200C15586 /* TrendingCell.swift in Sources */ = {isa = PBXBuildFile; fileRef = ED6C6E56201FE98200C15586 /* TrendingCell.swift */; };
		ED6C6E59201FEB9400C15586 /* TrendingCellTopBarCell.swift in Sources */ = {isa = PBXBuildFile; fileRef = ED6C6E58201FEB9400C15586 /* TrendingCellTopBarCell.swift */; };
		ED6C6E5B202072AF00C15586 /* EventCell.swift in Sources */ = {isa = PBXBuildFile; fileRef = ED6C6E5A202072AF00C15586 /* EventCell.swift */; };
		ED6C6E5D2020734E00C15586 /* EventItemCell.swift in Sources */ = {isa = PBXBuildFile; fileRef = ED6C6E5C2020734E00C15586 /* EventItemCell.swift */; };
		ED6C6E5F2020740200C15586 /* ProfileCell.swift in Sources */ = {isa = PBXBuildFile; fileRef = ED6C6E5E2020740200C15586 /* ProfileCell.swift */; };
		ED777666202CE6720006A8F3 /* BaseRatingCell.swift in Sources */ = {isa = PBXBuildFile; fileRef = ED777665202CE6720006A8F3 /* BaseRatingCell.swift */; };
		ED7E17992017DB88006DF756 /* LoginController.swift in Sources */ = {isa = PBXBuildFile; fileRef = ED7E17982017DB88006DF756 /* LoginController.swift */; };
		ED7E179F20188EEE006DF756 /* RobotoBold.ttf in Resources */ = {isa = PBXBuildFile; fileRef = ED7E179B20188C25006DF756 /* RobotoBold.ttf */; };
		ED7E17A020188EEE006DF756 /* RobotoLight.ttf in Resources */ = {isa = PBXBuildFile; fileRef = ED7E179C20188C25006DF756 /* RobotoLight.ttf */; };
		ED7E17A120188EEE006DF756 /* RobotoMedium.ttf in Resources */ = {isa = PBXBuildFile; fileRef = ED7E179D20188C25006DF756 /* RobotoMedium.ttf */; };
		ED7E17A220188EEE006DF756 /* RobotoRegular.ttf in Resources */ = {isa = PBXBuildFile; fileRef = ED7E179E20188C26006DF756 /* RobotoRegular.ttf */; };
		ED7E17A520192017006DF756 /* SCLAlertView.swift in Sources */ = {isa = PBXBuildFile; fileRef = ED7E17A420192017006DF756 /* SCLAlertView.swift */; };
		ED7E17A7201921A1006DF756 /* SCLExtensions.swift in Sources */ = {isa = PBXBuildFile; fileRef = ED7E17A6201921A1006DF756 /* SCLExtensions.swift */; };
		ED7E17A920192C61006DF756 /* SpeakUppEnums.swift in Sources */ = {isa = PBXBuildFile; fileRef = ED7E17A820192C61006DF756 /* SpeakUppEnums.swift */; };
		ED7E17AB2019D4FB006DF756 /* BaseScrollViewController.swift in Sources */ = {isa = PBXBuildFile; fileRef = ED7E17AA2019D4FB006DF756 /* BaseScrollViewController.swift */; };
		ED7E17AE2019DB1C006DF756 /* SignUpController.swift in Sources */ = {isa = PBXBuildFile; fileRef = ED7E17AD2019DB1C006DF756 /* SignUpController.swift */; };
		ED7E17B02019FECB006DF756 /* CheckBox.swift in Sources */ = {isa = PBXBuildFile; fileRef = ED7E17AF2019FECB006DF756 /* CheckBox.swift */; };
		ED7E17B2201B5DF4006DF756 /* SignUpVerificationController.swift in Sources */ = {isa = PBXBuildFile; fileRef = ED7E17B1201B5DF4006DF756 /* SignUpVerificationController.swift */; };
		ED7E9744202DD32C00B35E0F /* PollImageChoiceCell.swift in Sources */ = {isa = PBXBuildFile; fileRef = ED7E9743202DD32C00B35E0F /* PollImageChoiceCell.swift */; };
		ED7E9746202DD9EF00B35E0F /* PollNoImageChoiceCell.swift in Sources */ = {isa = PBXBuildFile; fileRef = ED7E9745202DD9EF00B35E0F /* PollNoImageChoiceCell.swift */; };
		ED7E9748202E108600B35E0F /* TrendingItemCell.swift in Sources */ = {isa = PBXBuildFile; fileRef = ED7E9747202E108600B35E0F /* TrendingItemCell.swift */; };
		ED8C2351203626E50048A7E8 /* InviteCell.swift in Sources */ = {isa = PBXBuildFile; fileRef = ED8C2350203626E50048A7E8 /* InviteCell.swift */; };
		ED8C23552036E1E90048A7E8 /* PollDetailController.swift in Sources */ = {isa = PBXBuildFile; fileRef = ED8C23542036E1E90048A7E8 /* PollDetailController.swift */; };
		ED8C23572036E4060048A7E8 /* PollCommentCell.swift in Sources */ = {isa = PBXBuildFile; fileRef = ED8C23562036E4060048A7E8 /* PollCommentCell.swift */; };
		ED8C23592036E91D0048A7E8 /* PollComment.swift in Sources */ = {isa = PBXBuildFile; fileRef = ED8C23582036E91D0048A7E8 /* PollComment.swift */; };
		EDA5E34D202A213B00C0F61B /* Poll.swift in Sources */ = {isa = PBXBuildFile; fileRef = EDA5E34C202A213B00C0F61B /* Poll.swift */; };
		EDA5E34F202A26C600C0F61B /* PollCategory.swift in Sources */ = {isa = PBXBuildFile; fileRef = EDA5E34E202A26C600C0F61B /* PollCategory.swift */; };
		EDA5E351202A27FE00C0F61B /* PollChoice.swift in Sources */ = {isa = PBXBuildFile; fileRef = EDA5E350202A27FE00C0F61B /* PollChoice.swift */; };
		EDA8D835201CCA96004F6A8C /* VerificationCodeController.swift in Sources */ = {isa = PBXBuildFile; fileRef = EDA8D834201CCA96004F6A8C /* VerificationCodeController.swift */; };
		EDA8D838201CDCB4004F6A8C /* HomeController.swift in Sources */ = {isa = PBXBuildFile; fileRef = EDA8D837201CDCB4004F6A8C /* HomeController.swift */; };
		EDDE09482028F44E002DF2B4 /* ApiUrl.swift in Sources */ = {isa = PBXBuildFile; fileRef = EDDE09472028F44E002DF2B4 /* ApiUrl.swift */; };
		EDDE094A2028F66F002DF2B4 /* ApiService.swift in Sources */ = {isa = PBXBuildFile; fileRef = EDDE09492028F66F002DF2B4 /* ApiService.swift */; };
		EDDE094C202902BA002DF2B4 /* ApiCallStatus.swift in Sources */ = {isa = PBXBuildFile; fileRef = EDDE094B202902BA002DF2B4 /* ApiCallStatus.swift */; };
		EDEA35EB203AD92400330608 /* NotificationService.swift in Sources */ = {isa = PBXBuildFile; fileRef = EDEA35EA203AD92400330608 /* NotificationService.swift */; };
		EDEA35EF203AD92400330608 /* OneSignalNotificationServiceExtension.appex in Embed App Extensions */ = {isa = PBXBuildFile; fileRef = EDEA35E8203AD92400330608 /* OneSignalNotificationServiceExtension.appex */; settings = {ATTRIBUTES = (RemoveHeadersOnCopy, ); }; };
		EDED9B512037450100B072D9 /* SettingPageController.swift in Sources */ = {isa = PBXBuildFile; fileRef = EDED9B502037450100B072D9 /* SettingPageController.swift */; };
		EDED9B532037583000B072D9 /* BaseScrollNoImageController.swift in Sources */ = {isa = PBXBuildFile; fileRef = EDED9B522037583000B072D9 /* BaseScrollNoImageController.swift */; };
		EDED9B5520376A2300B072D9 /* FaqController.swift in Sources */ = {isa = PBXBuildFile; fileRef = EDED9B5420376A2300B072D9 /* FaqController.swift */; };
		EDED9B5720387DF700B072D9 /* PollsController.swift in Sources */ = {isa = PBXBuildFile; fileRef = EDED9B5620387DF700B072D9 /* PollsController.swift */; };
		EDED9B592038AD6F00B072D9 /* ScannerViewController.swift in Sources */ = {isa = PBXBuildFile; fileRef = EDED9B582038AD6F00B072D9 /* ScannerViewController.swift */; };
		EDED9B5B2038C4C000B072D9 /* EventTicketController.swift in Sources */ = {isa = PBXBuildFile; fileRef = EDED9B5A2038C4C000B072D9 /* EventTicketController.swift */; };
		EDED9B5D2038C50100B072D9 /* EventTicket.swift in Sources */ = {isa = PBXBuildFile; fileRef = EDED9B5C2038C50100B072D9 /* EventTicket.swift */; };
/* End PBXBuildFile section */

/* Begin PBXContainerItemProxy section */
		EDEA35ED203AD92400330608 /* PBXContainerItemProxy */ = {
			isa = PBXContainerItemProxy;
			containerPortal = ED5679D52016119700F52B89 /* Project object */;
			proxyType = 1;
			remoteGlobalIDString = EDEA35E7203AD92400330608;
			remoteInfo = OneSignalNotificationServiceExtension;
		};
/* End PBXContainerItemProxy section */

/* Begin PBXCopyFilesBuildPhase section */
		EDEA35F3203AD92400330608 /* Embed App Extensions */ = {
			isa = PBXCopyFilesBuildPhase;
			buildActionMask = 2147483647;
			dstPath = "";
			dstSubfolderSpec = 13;
			files = (
				EDEA35EF203AD92400330608 /* OneSignalNotificationServiceExtension.appex in Embed App Extensions */,
			);
			name = "Embed App Extensions";
			runOnlyForDeploymentPostprocessing = 0;
		};
/* End PBXCopyFilesBuildPhase section */

/* Begin PBXFileReference section */
		88A84A43B959EA9276DDF07C /* Pods-OneSignalNotificationServiceExtension.release.xcconfig */ = {isa = PBXFileReference; includeInIndex = 1; lastKnownFileType = text.xcconfig; name = "Pods-OneSignalNotificationServiceExtension.release.xcconfig"; path = "Pods/Target Support Files/Pods-OneSignalNotificationServiceExtension/Pods-OneSignalNotificationServiceExtension.release.xcconfig"; sourceTree = "<group>"; };
		90354B2B583449A03445F929 /* Pods-SpeakUpp.release.xcconfig */ = {isa = PBXFileReference; includeInIndex = 1; lastKnownFileType = text.xcconfig; name = "Pods-SpeakUpp.release.xcconfig"; path = "Pods/Target Support Files/Pods-SpeakUpp/Pods-SpeakUpp.release.xcconfig"; sourceTree = "<group>"; };
		9523630B788BAD90C98AFB6F /* libPods-OneSignalNotificationServiceExtension.a */ = {isa = PBXFileReference; explicitFileType = archive.ar; includeInIndex = 0; path = "libPods-OneSignalNotificationServiceExtension.a"; sourceTree = BUILT_PRODUCTS_DIR; };
		9728968BE78037722D55C171 /* Pods-SpeakUpp.debug.xcconfig */ = {isa = PBXFileReference; includeInIndex = 1; lastKnownFileType = text.xcconfig; name = "Pods-SpeakUpp.debug.xcconfig"; path = "Pods/Target Support Files/Pods-SpeakUpp/Pods-SpeakUpp.debug.xcconfig"; sourceTree = "<group>"; };
		D823EF2A956CC1347C09DE9F /* Pods-OneSignalNotificationServiceExtension.debug.xcconfig */ = {isa = PBXFileReference; includeInIndex = 1; lastKnownFileType = text.xcconfig; name = "Pods-OneSignalNotificationServiceExtension.debug.xcconfig"; path = "Pods/Target Support Files/Pods-OneSignalNotificationServiceExtension/Pods-OneSignalNotificationServiceExtension.debug.xcconfig"; sourceTree = "<group>"; };
		ED07D2AB2059C836003C3550 /* PlayerView.swift */ = {isa = PBXFileReference; lastKnownFileType = sourcecode.swift; path = PlayerView.swift; sourceTree = "<group>"; };
		ED158FB92020B216000E43BB /* ResetPinController.swift */ = {isa = PBXFileReference; lastKnownFileType = sourcecode.swift; path = ResetPinController.swift; sourceTree = "<group>"; };
		ED158FBB2020BAA0000E43BB /* LogoOutController.swift */ = {isa = PBXFileReference; lastKnownFileType = sourcecode.swift; path = LogoOutController.swift; sourceTree = "<group>"; };
		ED158FBE2020E626000E43BB /* SettingController.swift */ = {isa = PBXFileReference; lastKnownFileType = sourcecode.swift; path = SettingController.swift; sourceTree = "<group>"; };
		ED158FC820211639000E43BB /* SearchController.swift */ = {isa = PBXFileReference; lastKnownFileType = sourcecode.swift; path = SearchController.swift; sourceTree = "<group>"; };
		ED158FCB20211999000E43BB /* InviteController.swift */ = {isa = PBXFileReference; lastKnownFileType = sourcecode.swift; path = InviteController.swift; sourceTree = "<group>"; };
		ED257C76201CF95A00F1E5F3 /* LeftDrawerController.swift */ = {isa = PBXFileReference; lastKnownFileType = sourcecode.swift; path = LeftDrawerController.swift; sourceTree = "<group>"; };
		ED421DD4202E55C700D8DF1F /* EventDetailController.swift */ = {isa = PBXFileReference; lastKnownFileType = sourcecode.swift; path = EventDetailController.swift; sourceTree = "<group>"; };
		ED421DD6202F33CB00D8DF1F /* PollAnsweredCell.swift */ = {isa = PBXFileReference; lastKnownFileType = sourcecode.swift; path = PollAnsweredCell.swift; sourceTree = "<group>"; };
		ED421DD8202F8B5F00D8DF1F /* PollAnsweredWithImageCell.swift */ = {isa = PBXFileReference; lastKnownFileType = sourcecode.swift; path = PollAnsweredWithImageCell.swift; sourceTree = "<group>"; };
		ED421DDA203200C700D8DF1F /* UserWorkCloud.swift */ = {isa = PBXFileReference; lastKnownFileType = sourcecode.swift; path = UserWorkCloud.swift; sourceTree = "<group>"; };
		ED421DDD2032058700D8DF1F /* WordCloudCell.swift */ = {isa = PBXFileReference; lastKnownFileType = sourcecode.swift; path = WordCloudCell.swift; sourceTree = "<group>"; };
		ED421DDF203211B300D8DF1F /* BrandsController.swift */ = {isa = PBXFileReference; lastKnownFileType = sourcecode.swift; path = BrandsController.swift; sourceTree = "<group>"; };
		ED421DE12032138300D8DF1F /* BrandCell.swift */ = {isa = PBXFileReference; lastKnownFileType = sourcecode.swift; path = BrandCell.swift; sourceTree = "<group>"; };
		ED421DE3203214C200D8DF1F /* Brand.swift */ = {isa = PBXFileReference; lastKnownFileType = sourcecode.swift; path = Brand.swift; sourceTree = "<group>"; };
		ED421DE520322F9D00D8DF1F /* InterestController.swift */ = {isa = PBXFileReference; lastKnownFileType = sourcecode.swift; path = InterestController.swift; sourceTree = "<group>"; };
		ED421DE72032322300D8DF1F /* InterestCell.swift */ = {isa = PBXFileReference; lastKnownFileType = sourcecode.swift; path = InterestCell.swift; sourceTree = "<group>"; };
		ED46DB862032D95C00F6A06E /* EditProfileController.swift */ = {isa = PBXFileReference; lastKnownFileType = sourcecode.swift; path = EditProfileController.swift; sourceTree = "<group>"; };
		ED46DB882032F34600F6A06E /* AWSCredentials.swift */ = {isa = PBXFileReference; lastKnownFileType = sourcecode.swift; path = AWSCredentials.swift; sourceTree = "<group>"; };
		ED46DB8B20330A1200F6A06E /* PayVottingController.swift */ = {isa = PBXFileReference; lastKnownFileType = sourcecode.swift; path = PayVottingController.swift; sourceTree = "<group>"; };
		ED46DB8D20331D5600F6A06E /* PaymentRedirectController.swift */ = {isa = PBXFileReference; lastKnownFileType = sourcecode.swift; path = PaymentRedirectController.swift; sourceTree = "<group>"; };
		ED46DB912033A8D300F6A06E /* SearchMenuBar.swift */ = {isa = PBXFileReference; lastKnownFileType = sourcecode.swift; path = SearchMenuBar.swift; sourceTree = "<group>"; };
		ED46DB932034161000F6A06E /* CellHelper.swift */ = {isa = PBXFileReference; lastKnownFileType = sourcecode.swift; path = CellHelper.swift; sourceTree = "<group>"; };
		ED46DB9520345E8300F6A06E /* PollAudioChoiceCell.swift */ = {isa = PBXFileReference; lastKnownFileType = sourcecode.swift; path = PollAudioChoiceCell.swift; sourceTree = "<group>"; };
		ED46DB972034B32600F6A06E /* PeopleCell.swift */ = {isa = PBXFileReference; lastKnownFileType = sourcecode.swift; path = PeopleCell.swift; sourceTree = "<group>"; };
		ED46DB99203596FE00F6A06E /* BaseTableCell.swift */ = {isa = PBXFileReference; lastKnownFileType = sourcecode.swift; path = BaseTableCell.swift; sourceTree = "<group>"; };
		ED46DB9B2035A96000F6A06E /* GetStartedController.swift */ = {isa = PBXFileReference; lastKnownFileType = sourcecode.swift; path = GetStartedController.swift; sourceTree = "<group>"; };
		ED4BC507205A99540030FF11 /* SpeakUppProtocol.swift */ = {isa = PBXFileReference; lastKnownFileType = sourcecode.swift; path = SpeakUppProtocol.swift; sourceTree = "<group>"; };
		ED5679DD2016119700F52B89 /* SpeakUpp.app */ = {isa = PBXFileReference; explicitFileType = wrapper.application; includeInIndex = 0; path = SpeakUpp.app; sourceTree = BUILT_PRODUCTS_DIR; };
		ED5679E02016119700F52B89 /* AppDelegate.swift */ = {isa = PBXFileReference; lastKnownFileType = sourcecode.swift; path = AppDelegate.swift; sourceTree = "<group>"; };
		ED5679E22016119700F52B89 /* OnboardViewController.swift */ = {isa = PBXFileReference; lastKnownFileType = sourcecode.swift; path = OnboardViewController.swift; sourceTree = "<group>"; };
		ED5679E52016119700F52B89 /* Base */ = {isa = PBXFileReference; lastKnownFileType = file.storyboard; name = Base; path = Base.lproj/Main.storyboard; sourceTree = "<group>"; };
		ED5679E72016119700F52B89 /* Assets.xcassets */ = {isa = PBXFileReference; lastKnownFileType = folder.assetcatalog; path = Assets.xcassets; sourceTree = "<group>"; };
		ED5679EA2016119700F52B89 /* Base */ = {isa = PBXFileReference; lastKnownFileType = file.storyboard; name = Base; path = Base.lproj/LaunchScreen.storyboard; sourceTree = "<group>"; };
		ED5679EC2016119700F52B89 /* Info.plist */ = {isa = PBXFileReference; lastKnownFileType = text.plist.xml; path = Info.plist; sourceTree = "<group>"; };
		ED5679F32016451F00F52B89 /* User.swift */ = {isa = PBXFileReference; lastKnownFileType = sourcecode.swift; path = User.swift; sourceTree = "<group>"; };
		ED5679F62016459100F52B89 /* Mics.swift */ = {isa = PBXFileReference; lastKnownFileType = sourcecode.swift; path = Mics.swift; sourceTree = "<group>"; };
		ED5679F8201645F300F52B89 /* Key.swift */ = {isa = PBXFileReference; lastKnownFileType = sourcecode.swift; path = Key.swift; sourceTree = "<group>"; };
		ED5679FA2016465300F52B89 /* ViewControllerHelper.swift */ = {isa = PBXFileReference; lastKnownFileType = sourcecode.swift; path = ViewControllerHelper.swift; sourceTree = "<group>"; };
		ED5679FD20165E9900F52B89 /* Page.swift */ = {isa = PBXFileReference; lastKnownFileType = sourcecode.swift; path = Page.swift; sourceTree = "<group>"; };
		ED5679FF20165EE300F52B89 /* WelcomeController.swift */ = {isa = PBXFileReference; lastKnownFileType = sourcecode.swift; path = WelcomeController.swift; sourceTree = "<group>"; };
		ED567A01201665A700F52B89 /* BaseCell.swift */ = {isa = PBXFileReference; lastKnownFileType = sourcecode.swift; path = BaseCell.swift; sourceTree = "<group>"; };
		ED567A04201665D200F52B89 /* SwipingPageCell.swift */ = {isa = PBXFileReference; lastKnownFileType = sourcecode.swift; path = SwipingPageCell.swift; sourceTree = "<group>"; };
		ED567A06201666A400F52B89 /* Extension.swift */ = {isa = PBXFileReference; lastKnownFileType = sourcecode.swift; path = Extension.swift; sourceTree = "<group>"; };
		ED6C6E46201F732600C15586 /* HomeMenuBar.swift */ = {isa = PBXFileReference; lastKnownFileType = sourcecode.swift; path = HomeMenuBar.swift; sourceTree = "<group>"; };
		ED6C6E48201F739100C15586 /* BaseUIView.swift */ = {isa = PBXFileReference; lastKnownFileType = sourcecode.swift; path = BaseUIView.swift; sourceTree = "<group>"; };
		ED6C6E4A201F74B900C15586 /* HomeMenuBarCell.swift */ = {isa = PBXFileReference; lastKnownFileType = sourcecode.swift; path = HomeMenuBarCell.swift; sourceTree = "<group>"; };
		ED6C6E4E201F967D00C15586 /* HomeCell.swift */ = {isa = PBXFileReference; lastKnownFileType = sourcecode.swift; path = HomeCell.swift; sourceTree = "<group>"; };
		ED6C6E50201FA35D00C15586 /* PollAuthor.swift */ = {isa = PBXFileReference; lastKnownFileType = sourcecode.swift; path = PollAuthor.swift; sourceTree = "<group>"; };
		ED6C6E52201FB1F400C15586 /* HomeCellTopBarCell.swift */ = {isa = PBXFileReference; lastKnownFileType = sourcecode.swift; path = HomeCellTopBarCell.swift; sourceTree = "<group>"; };
		ED6C6E54201FD8B200C15586 /* BaseFeedCell.swift */ = {isa = PBXFileReference; lastKnownFileType = sourcecode.swift; path = BaseFeedCell.swift; sourceTree = "<group>"; };
		ED6C6E56201FE98200C15586 /* TrendingCell.swift */ = {isa = PBXFileReference; lastKnownFileType = sourcecode.swift; path = TrendingCell.swift; sourceTree = "<group>"; };
		ED6C6E58201FEB9400C15586 /* TrendingCellTopBarCell.swift */ = {isa = PBXFileReference; lastKnownFileType = sourcecode.swift; path = TrendingCellTopBarCell.swift; sourceTree = "<group>"; };
		ED6C6E5A202072AF00C15586 /* EventCell.swift */ = {isa = PBXFileReference; lastKnownFileType = sourcecode.swift; path = EventCell.swift; sourceTree = "<group>"; };
		ED6C6E5C2020734E00C15586 /* EventItemCell.swift */ = {isa = PBXFileReference; lastKnownFileType = sourcecode.swift; path = EventItemCell.swift; sourceTree = "<group>"; };
		ED6C6E5E2020740200C15586 /* ProfileCell.swift */ = {isa = PBXFileReference; lastKnownFileType = sourcecode.swift; path = ProfileCell.swift; sourceTree = "<group>"; };
		ED777665202CE6720006A8F3 /* BaseRatingCell.swift */ = {isa = PBXFileReference; lastKnownFileType = sourcecode.swift; path = BaseRatingCell.swift; sourceTree = "<group>"; };
		ED7E17982017DB88006DF756 /* LoginController.swift */ = {isa = PBXFileReference; lastKnownFileType = sourcecode.swift; path = LoginController.swift; sourceTree = "<group>"; };
		ED7E179B20188C25006DF756 /* RobotoBold.ttf */ = {isa = PBXFileReference; lastKnownFileType = file; path = RobotoBold.ttf; sourceTree = "<group>"; };
		ED7E179C20188C25006DF756 /* RobotoLight.ttf */ = {isa = PBXFileReference; lastKnownFileType = file; path = RobotoLight.ttf; sourceTree = "<group>"; };
		ED7E179D20188C25006DF756 /* RobotoMedium.ttf */ = {isa = PBXFileReference; lastKnownFileType = file; path = RobotoMedium.ttf; sourceTree = "<group>"; };
		ED7E179E20188C26006DF756 /* RobotoRegular.ttf */ = {isa = PBXFileReference; lastKnownFileType = file; path = RobotoRegular.ttf; sourceTree = "<group>"; };
		ED7E17A420192017006DF756 /* SCLAlertView.swift */ = {isa = PBXFileReference; lastKnownFileType = sourcecode.swift; path = SCLAlertView.swift; sourceTree = "<group>"; };
		ED7E17A6201921A1006DF756 /* SCLExtensions.swift */ = {isa = PBXFileReference; lastKnownFileType = sourcecode.swift; path = SCLExtensions.swift; sourceTree = "<group>"; };
		ED7E17A820192C61006DF756 /* SpeakUppEnums.swift */ = {isa = PBXFileReference; lastKnownFileType = sourcecode.swift; path = SpeakUppEnums.swift; sourceTree = "<group>"; };
		ED7E17AA2019D4FB006DF756 /* BaseScrollViewController.swift */ = {isa = PBXFileReference; lastKnownFileType = sourcecode.swift; path = BaseScrollViewController.swift; sourceTree = "<group>"; };
		ED7E17AD2019DB1C006DF756 /* SignUpController.swift */ = {isa = PBXFileReference; lastKnownFileType = sourcecode.swift; path = SignUpController.swift; sourceTree = "<group>"; };
		ED7E17AF2019FECB006DF756 /* CheckBox.swift */ = {isa = PBXFileReference; lastKnownFileType = sourcecode.swift; path = CheckBox.swift; sourceTree = "<group>"; };
		ED7E17B1201B5DF4006DF756 /* SignUpVerificationController.swift */ = {isa = PBXFileReference; lastKnownFileType = sourcecode.swift; path = SignUpVerificationController.swift; sourceTree = "<group>"; };
		ED7E9743202DD32C00B35E0F /* PollImageChoiceCell.swift */ = {isa = PBXFileReference; lastKnownFileType = sourcecode.swift; path = PollImageChoiceCell.swift; sourceTree = "<group>"; };
		ED7E9745202DD9EF00B35E0F /* PollNoImageChoiceCell.swift */ = {isa = PBXFileReference; lastKnownFileType = sourcecode.swift; path = PollNoImageChoiceCell.swift; sourceTree = "<group>"; };
		ED7E9747202E108600B35E0F /* TrendingItemCell.swift */ = {isa = PBXFileReference; lastKnownFileType = sourcecode.swift; path = TrendingItemCell.swift; sourceTree = "<group>"; };
		ED8C2350203626E50048A7E8 /* InviteCell.swift */ = {isa = PBXFileReference; lastKnownFileType = sourcecode.swift; path = InviteCell.swift; sourceTree = "<group>"; };
		ED8C23542036E1E90048A7E8 /* PollDetailController.swift */ = {isa = PBXFileReference; lastKnownFileType = sourcecode.swift; path = PollDetailController.swift; sourceTree = "<group>"; };
		ED8C23562036E4060048A7E8 /* PollCommentCell.swift */ = {isa = PBXFileReference; lastKnownFileType = sourcecode.swift; path = PollCommentCell.swift; sourceTree = "<group>"; };
		ED8C23582036E91D0048A7E8 /* PollComment.swift */ = {isa = PBXFileReference; lastKnownFileType = sourcecode.swift; path = PollComment.swift; sourceTree = "<group>"; };
		EDA5E34C202A213B00C0F61B /* Poll.swift */ = {isa = PBXFileReference; lastKnownFileType = sourcecode.swift; path = Poll.swift; sourceTree = "<group>"; };
		EDA5E34E202A26C600C0F61B /* PollCategory.swift */ = {isa = PBXFileReference; lastKnownFileType = sourcecode.swift; path = PollCategory.swift; sourceTree = "<group>"; };
		EDA5E350202A27FE00C0F61B /* PollChoice.swift */ = {isa = PBXFileReference; lastKnownFileType = sourcecode.swift; path = PollChoice.swift; sourceTree = "<group>"; };
		EDA8D834201CCA96004F6A8C /* VerificationCodeController.swift */ = {isa = PBXFileReference; lastKnownFileType = sourcecode.swift; path = VerificationCodeController.swift; sourceTree = "<group>"; };
		EDA8D837201CDCB4004F6A8C /* HomeController.swift */ = {isa = PBXFileReference; lastKnownFileType = sourcecode.swift; path = HomeController.swift; sourceTree = "<group>"; };
		EDDE09472028F44E002DF2B4 /* ApiUrl.swift */ = {isa = PBXFileReference; lastKnownFileType = sourcecode.swift; path = ApiUrl.swift; sourceTree = "<group>"; };
		EDDE09492028F66F002DF2B4 /* ApiService.swift */ = {isa = PBXFileReference; lastKnownFileType = sourcecode.swift; path = ApiService.swift; sourceTree = "<group>"; };
		EDDE094B202902BA002DF2B4 /* ApiCallStatus.swift */ = {isa = PBXFileReference; lastKnownFileType = sourcecode.swift; path = ApiCallStatus.swift; sourceTree = "<group>"; };
		EDEA35E8203AD92400330608 /* OneSignalNotificationServiceExtension.appex */ = {isa = PBXFileReference; explicitFileType = "wrapper.app-extension"; includeInIndex = 0; path = OneSignalNotificationServiceExtension.appex; sourceTree = BUILT_PRODUCTS_DIR; };
		EDEA35EA203AD92400330608 /* NotificationService.swift */ = {isa = PBXFileReference; lastKnownFileType = sourcecode.swift; path = NotificationService.swift; sourceTree = "<group>"; };
		EDEA35EC203AD92400330608 /* Info.plist */ = {isa = PBXFileReference; lastKnownFileType = text.plist.xml; path = Info.plist; sourceTree = "<group>"; };
		EDEA35F4203ADAA000330608 /* OneSignalNotificationServiceExtension.entitlements */ = {isa = PBXFileReference; lastKnownFileType = text.plist.entitlements; path = OneSignalNotificationServiceExtension.entitlements; sourceTree = "<group>"; };
		EDEA35F5203ADB1800330608 /* SpeakUpp.entitlements */ = {isa = PBXFileReference; lastKnownFileType = text.plist.entitlements; path = SpeakUpp.entitlements; sourceTree = "<group>"; };
		EDED9B502037450100B072D9 /* SettingPageController.swift */ = {isa = PBXFileReference; lastKnownFileType = sourcecode.swift; path = SettingPageController.swift; sourceTree = "<group>"; };
		EDED9B522037583000B072D9 /* BaseScrollNoImageController.swift */ = {isa = PBXFileReference; lastKnownFileType = sourcecode.swift; path = BaseScrollNoImageController.swift; sourceTree = "<group>"; };
		EDED9B5420376A2300B072D9 /* FaqController.swift */ = {isa = PBXFileReference; lastKnownFileType = sourcecode.swift; path = FaqController.swift; sourceTree = "<group>"; };
		EDED9B5620387DF700B072D9 /* PollsController.swift */ = {isa = PBXFileReference; lastKnownFileType = sourcecode.swift; path = PollsController.swift; sourceTree = "<group>"; };
		EDED9B582038AD6F00B072D9 /* ScannerViewController.swift */ = {isa = PBXFileReference; lastKnownFileType = sourcecode.swift; path = ScannerViewController.swift; sourceTree = "<group>"; };
		EDED9B5A2038C4C000B072D9 /* EventTicketController.swift */ = {isa = PBXFileReference; lastKnownFileType = sourcecode.swift; path = EventTicketController.swift; sourceTree = "<group>"; };
		EDED9B5C2038C50100B072D9 /* EventTicket.swift */ = {isa = PBXFileReference; lastKnownFileType = sourcecode.swift; path = EventTicket.swift; sourceTree = "<group>"; };
		FDC8A705F567908CBFC1B8E5 /* Pods_SpeakUpp.framework */ = {isa = PBXFileReference; explicitFileType = wrapper.framework; includeInIndex = 0; path = Pods_SpeakUpp.framework; sourceTree = BUILT_PRODUCTS_DIR; };
/* End PBXFileReference section */

/* Begin PBXFrameworksBuildPhase section */
		ED5679DA2016119700F52B89 /* Frameworks */ = {
			isa = PBXFrameworksBuildPhase;
			buildActionMask = 2147483647;
			files = (
				61034065158F824F00FDD139 /* Pods_SpeakUpp.framework in Frameworks */,
			);
			runOnlyForDeploymentPostprocessing = 0;
		};
		EDEA35E5203AD92400330608 /* Frameworks */ = {
			isa = PBXFrameworksBuildPhase;
			buildActionMask = 2147483647;
			files = (
				0B1C51AA43C69AA5DDD497D4 /* libPods-OneSignalNotificationServiceExtension.a in Frameworks */,
			);
			runOnlyForDeploymentPostprocessing = 0;
		};
/* End PBXFrameworksBuildPhase section */

/* Begin PBXGroup section */
		877E572D4106D1A53A3AAA1B /* Pods */ = {
			isa = PBXGroup;
			children = (
				9728968BE78037722D55C171 /* Pods-SpeakUpp.debug.xcconfig */,
				90354B2B583449A03445F929 /* Pods-SpeakUpp.release.xcconfig */,
				D823EF2A956CC1347C09DE9F /* Pods-OneSignalNotificationServiceExtension.debug.xcconfig */,
				88A84A43B959EA9276DDF07C /* Pods-OneSignalNotificationServiceExtension.release.xcconfig */,
			);
			name = Pods;
			sourceTree = "<group>";
		};
		D92D659581D38B2DF7E606AD /* Frameworks */ = {
			isa = PBXGroup;
			children = (
				FDC8A705F567908CBFC1B8E5 /* Pods_SpeakUpp.framework */,
				9523630B788BAD90C98AFB6F /* libPods-OneSignalNotificationServiceExtension.a */,
			);
			name = Frameworks;
			sourceTree = "<group>";
		};
		ED07D2AA2059C7F9003C3550 /* Audio */ = {
			isa = PBXGroup;
			children = (
				ED07D2AB2059C836003C3550 /* PlayerView.swift */,
			);
			path = Audio;
			sourceTree = "<group>";
		};
		ED158FBD2020BEBD000E43BB /* Setting */ = {
			isa = PBXGroup;
			children = (
				ED158FBB2020BAA0000E43BB /* LogoOutController.swift */,
				ED158FBE2020E626000E43BB /* SettingController.swift */,
				ED421DDF203211B300D8DF1F /* BrandsController.swift */,
				ED421DE520322F9D00D8DF1F /* InterestController.swift */,
				ED46DB862032D95C00F6A06E /* EditProfileController.swift */,
				EDED9B502037450100B072D9 /* SettingPageController.swift */,
				EDED9B5420376A2300B072D9 /* FaqController.swift */,
			);
			path = Setting;
			sourceTree = "<group>";
		};
		ED158FC7202115FF000E43BB /* Search */ = {
			isa = PBXGroup;
			children = (
				ED158FC820211639000E43BB /* SearchController.swift */,
			);
			path = Search;
			sourceTree = "<group>";
		};
		ED158FCA20211917000E43BB /* Invite */ = {
			isa = PBXGroup;
			children = (
				ED158FCB20211999000E43BB /* InviteController.swift */,
				ED8C2350203626E50048A7E8 /* InviteCell.swift */,
			);
			path = Invite;
			sourceTree = "<group>";
		};
		ED421DD3202E4B9600D8DF1F /* Details */ = {
			isa = PBXGroup;
			children = (
				ED421DD4202E55C700D8DF1F /* EventDetailController.swift */,
				ED8C23542036E1E90048A7E8 /* PollDetailController.swift */,
				EDED9B5620387DF700B072D9 /* PollsController.swift */,
				EDED9B582038AD6F00B072D9 /* ScannerViewController.swift */,
				EDED9B5A2038C4C000B072D9 /* EventTicketController.swift */,
			);
			path = Details;
			sourceTree = "<group>";
		};
		ED421DDC2032056800D8DF1F /* ProfileCell */ = {
			isa = PBXGroup;
			children = (
				ED421DDD2032058700D8DF1F /* WordCloudCell.swift */,
				ED421DE12032138300D8DF1F /* BrandCell.swift */,
				ED421DE72032322300D8DF1F /* InterestCell.swift */,
				ED46DB972034B32600F6A06E /* PeopleCell.swift */,
				ED8C23562036E4060048A7E8 /* PollCommentCell.swift */,
			);
			path = ProfileCell;
			sourceTree = "<group>";
		};
		ED46DB8A203309AF00F6A06E /* Payment */ = {
			isa = PBXGroup;
			children = (
				ED46DB8B20330A1200F6A06E /* PayVottingController.swift */,
				ED46DB8D20331D5600F6A06E /* PaymentRedirectController.swift */,
			);
			path = Payment;
			sourceTree = "<group>";
		};
		ED4BC506205A993E0030FF11 /* Protocol */ = {
			isa = PBXGroup;
			children = (
				ED4BC507205A99540030FF11 /* SpeakUppProtocol.swift */,
			);
			path = Protocol;
			sourceTree = "<group>";
		};
		ED5679D42016119700F52B89 = {
			isa = PBXGroup;
			children = (
				ED5679DF2016119700F52B89 /* SpeakUpp */,
				EDEA35E9203AD92400330608 /* OneSignalNotificationServiceExtension */,
				ED5679DE2016119700F52B89 /* Products */,
				877E572D4106D1A53A3AAA1B /* Pods */,
				D92D659581D38B2DF7E606AD /* Frameworks */,
			);
			sourceTree = "<group>";
		};
		ED5679DE2016119700F52B89 /* Products */ = {
			isa = PBXGroup;
			children = (
				ED5679DD2016119700F52B89 /* SpeakUpp.app */,
				EDEA35E8203AD92400330608 /* OneSignalNotificationServiceExtension.appex */,
			);
			name = Products;
			sourceTree = "<group>";
		};
		ED5679DF2016119700F52B89 /* SpeakUpp */ = {
			isa = PBXGroup;
			children = (
				ED4BC506205A993E0030FF11 /* Protocol */,
				EDEA35F5203ADB1800330608 /* SpeakUpp.entitlements */,
				ED07D2AA2059C7F9003C3550 /* Audio */,
				ED46DB8A203309AF00F6A06E /* Payment */,
				ED421DDC2032056800D8DF1F /* ProfileCell */,
				ED421DD3202E4B9600D8DF1F /* Details */,
				EDDE09462028F42C002DF2B4 /* Api */,
				ED158FCA20211917000E43BB /* Invite */,
				ED158FC7202115FF000E43BB /* Search */,
				ED158FBD2020BEBD000E43BB /* Setting */,
				ED7E9742202DD2FD00B35E0F /* PollInnerCell */,
				ED6C6E4D201F965C00C15586 /* HomeCell */,
				ED6C6E4C201F964400C15586 /* MenuCell */,
				EDA8D836201CDC9A004F6A8C /* Home */,
				ED7E17AC2019D500006DF756 /* HelperController */,
				ED7E179A20188BD9006DF756 /* Fonts */,
				ED567A03201665AC00F52B89 /* Cell */,
				ED5679FC2016477D00F52B89 /* SetUp */,
				ED5679F52016456900F52B89 /* Utility */,
				ED5679F22016450000F52B89 /* Model */,
				ED5679E02016119700F52B89 /* AppDelegate.swift */,
				ED5679E42016119700F52B89 /* Main.storyboard */,
				ED5679E72016119700F52B89 /* Assets.xcassets */,
				ED5679E92016119700F52B89 /* LaunchScreen.storyboard */,
				ED5679EC2016119700F52B89 /* Info.plist */,
			);
			path = SpeakUpp;
			sourceTree = "<group>";
		};
		ED5679F22016450000F52B89 /* Model */ = {
			isa = PBXGroup;
			children = (
				ED5679F32016451F00F52B89 /* User.swift */,
				ED5679FD20165E9900F52B89 /* Page.swift */,
				ED6C6E50201FA35D00C15586 /* PollAuthor.swift */,
				EDA5E34C202A213B00C0F61B /* Poll.swift */,
				EDA5E34E202A26C600C0F61B /* PollCategory.swift */,
				EDA5E350202A27FE00C0F61B /* PollChoice.swift */,
				ED421DDA203200C700D8DF1F /* UserWorkCloud.swift */,
				ED421DE3203214C200D8DF1F /* Brand.swift */,
				ED46DB882032F34600F6A06E /* AWSCredentials.swift */,
				ED8C23582036E91D0048A7E8 /* PollComment.swift */,
				EDED9B5C2038C50100B072D9 /* EventTicket.swift */,
			);
			path = Model;
			sourceTree = "<group>";
		};
		ED5679F52016456900F52B89 /* Utility */ = {
			isa = PBXGroup;
			children = (
				ED5679F62016459100F52B89 /* Mics.swift */,
				ED5679F8201645F300F52B89 /* Key.swift */,
				ED5679FA2016465300F52B89 /* ViewControllerHelper.swift */,
				ED567A06201666A400F52B89 /* Extension.swift */,
				ED7E17A420192017006DF756 /* SCLAlertView.swift */,
				ED7E17A6201921A1006DF756 /* SCLExtensions.swift */,
				ED7E17A820192C61006DF756 /* SpeakUppEnums.swift */,
				ED7E17AF2019FECB006DF756 /* CheckBox.swift */,
				ED6C6E48201F739100C15586 /* BaseUIView.swift */,
				ED46DB932034161000F6A06E /* CellHelper.swift */,
			);
			path = Utility;
			sourceTree = "<group>";
		};
		ED5679FC2016477D00F52B89 /* SetUp */ = {
			isa = PBXGroup;
			children = (
				ED5679E22016119700F52B89 /* OnboardViewController.swift */,
				ED5679FF20165EE300F52B89 /* WelcomeController.swift */,
				ED7E17982017DB88006DF756 /* LoginController.swift */,
				ED7E17AD2019DB1C006DF756 /* SignUpController.swift */,
				ED7E17B1201B5DF4006DF756 /* SignUpVerificationController.swift */,
				EDA8D834201CCA96004F6A8C /* VerificationCodeController.swift */,
				ED158FB92020B216000E43BB /* ResetPinController.swift */,
				ED46DB9B2035A96000F6A06E /* GetStartedController.swift */,
			);
			path = SetUp;
			sourceTree = "<group>";
		};
		ED567A03201665AC00F52B89 /* Cell */ = {
			isa = PBXGroup;
			children = (
				ED567A01201665A700F52B89 /* BaseCell.swift */,
				ED567A04201665D200F52B89 /* SwipingPageCell.swift */,
				ED46DB99203596FE00F6A06E /* BaseTableCell.swift */,
			);
			path = Cell;
			sourceTree = "<group>";
		};
		ED6C6E4C201F964400C15586 /* MenuCell */ = {
			isa = PBXGroup;
			children = (
				ED6C6E52201FB1F400C15586 /* HomeCellTopBarCell.swift */,
				ED6C6E58201FEB9400C15586 /* TrendingCellTopBarCell.swift */,
				ED6C6E46201F732600C15586 /* HomeMenuBar.swift */,
				ED6C6E4A201F74B900C15586 /* HomeMenuBarCell.swift */,
				ED46DB912033A8D300F6A06E /* SearchMenuBar.swift */,
			);
			path = MenuCell;
			sourceTree = "<group>";
		};
		ED6C6E4D201F965C00C15586 /* HomeCell */ = {
			isa = PBXGroup;
			children = (
				ED6C6E4E201F967D00C15586 /* HomeCell.swift */,
				ED6C6E54201FD8B200C15586 /* BaseFeedCell.swift */,
				ED777665202CE6720006A8F3 /* BaseRatingCell.swift */,
				ED6C6E56201FE98200C15586 /* TrendingCell.swift */,
				ED7E9747202E108600B35E0F /* TrendingItemCell.swift */,
				ED6C6E5A202072AF00C15586 /* EventCell.swift */,
				ED6C6E5C2020734E00C15586 /* EventItemCell.swift */,
				ED6C6E5E2020740200C15586 /* ProfileCell.swift */,
			);
			path = HomeCell;
			sourceTree = "<group>";
		};
		ED7E179A20188BD9006DF756 /* Fonts */ = {
			isa = PBXGroup;
			children = (
				ED7E179B20188C25006DF756 /* RobotoBold.ttf */,
				ED7E179C20188C25006DF756 /* RobotoLight.ttf */,
				ED7E179D20188C25006DF756 /* RobotoMedium.ttf */,
				ED7E179E20188C26006DF756 /* RobotoRegular.ttf */,
			);
			path = Fonts;
			sourceTree = "<group>";
		};
		ED7E17AC2019D500006DF756 /* HelperController */ = {
			isa = PBXGroup;
			children = (
				ED7E17AA2019D4FB006DF756 /* BaseScrollViewController.swift */,
				EDED9B522037583000B072D9 /* BaseScrollNoImageController.swift */,
			);
			path = HelperController;
			sourceTree = "<group>";
		};
		ED7E9742202DD2FD00B35E0F /* PollInnerCell */ = {
			isa = PBXGroup;
			children = (
				ED7E9743202DD32C00B35E0F /* PollImageChoiceCell.swift */,
				ED7E9745202DD9EF00B35E0F /* PollNoImageChoiceCell.swift */,
				ED421DD6202F33CB00D8DF1F /* PollAnsweredCell.swift */,
				ED421DD8202F8B5F00D8DF1F /* PollAnsweredWithImageCell.swift */,
				ED46DB9520345E8300F6A06E /* PollAudioChoiceCell.swift */,
			);
			path = PollInnerCell;
			sourceTree = "<group>";
		};
		EDA8D836201CDC9A004F6A8C /* Home */ = {
			isa = PBXGroup;
			children = (
				EDA8D837201CDCB4004F6A8C /* HomeController.swift */,
				ED257C76201CF95A00F1E5F3 /* LeftDrawerController.swift */,
			);
			path = Home;
			sourceTree = "<group>";
		};
		EDDE09462028F42C002DF2B4 /* Api */ = {
			isa = PBXGroup;
			children = (
				EDDE09472028F44E002DF2B4 /* ApiUrl.swift */,
				EDDE09492028F66F002DF2B4 /* ApiService.swift */,
				EDDE094B202902BA002DF2B4 /* ApiCallStatus.swift */,
			);
			path = Api;
			sourceTree = "<group>";
		};
		EDEA35E9203AD92400330608 /* OneSignalNotificationServiceExtension */ = {
			isa = PBXGroup;
			children = (
				EDEA35F4203ADAA000330608 /* OneSignalNotificationServiceExtension.entitlements */,
				EDEA35EA203AD92400330608 /* NotificationService.swift */,
				EDEA35EC203AD92400330608 /* Info.plist */,
			);
			path = OneSignalNotificationServiceExtension;
			sourceTree = "<group>";
		};
/* End PBXGroup section */

/* Begin PBXNativeTarget section */
		ED5679DC2016119700F52B89 /* SpeakUpp */ = {
			isa = PBXNativeTarget;
			buildConfigurationList = ED5679EF2016119700F52B89 /* Build configuration list for PBXNativeTarget "SpeakUpp" */;
			buildPhases = (
				26D9C0D62446309AFC85B6F3 /* [CP] Check Pods Manifest.lock */,
				ED5679D92016119700F52B89 /* Sources */,
				ED5679DA2016119700F52B89 /* Frameworks */,
				ED5679DB2016119700F52B89 /* Resources */,
				0B2F665411E18B86379F40F4 /* [CP] Embed Pods Frameworks */,
				B40E2C9DB66723CEFFAB414F /* [CP] Copy Pods Resources */,
				EDEA35F3203AD92400330608 /* Embed App Extensions */,
				ED4BC509205AF7530030FF11 /* ShellScript */,
			);
			buildRules = (
			);
			dependencies = (
				EDEA35EE203AD92400330608 /* PBXTargetDependency */,
			);
			name = SpeakUpp;
			productName = SpeakUpp;
			productReference = ED5679DD2016119700F52B89 /* SpeakUpp.app */;
			productType = "com.apple.product-type.application";
		};
		EDEA35E7203AD92400330608 /* OneSignalNotificationServiceExtension */ = {
			isa = PBXNativeTarget;
			buildConfigurationList = EDEA35F0203AD92400330608 /* Build configuration list for PBXNativeTarget "OneSignalNotificationServiceExtension" */;
			buildPhases = (
				A6329DBAB974F2AE5B16EBA0 /* [CP] Check Pods Manifest.lock */,
				EDEA35E4203AD92400330608 /* Sources */,
				EDEA35E5203AD92400330608 /* Frameworks */,
				EDEA35E6203AD92400330608 /* Resources */,
				8F8D8100B632081D4283CA85 /* [CP] Copy Pods Resources */,
			);
			buildRules = (
			);
			dependencies = (
			);
			name = OneSignalNotificationServiceExtension;
			productName = OneSignalNotificationServiceExtension;
			productReference = EDEA35E8203AD92400330608 /* OneSignalNotificationServiceExtension.appex */;
			productType = "com.apple.product-type.app-extension";
		};
/* End PBXNativeTarget section */

/* Begin PBXProject section */
		ED5679D52016119700F52B89 /* Project object */ = {
			isa = PBXProject;
			attributes = {
				LastSwiftUpdateCheck = 0920;
				LastUpgradeCheck = 0920;
				ORGANIZATIONNAME = "Bright Limited";
				TargetAttributes = {
					ED5679DC2016119700F52B89 = {
						CreatedOnToolsVersion = 9.2;
						ProvisioningStyle = Automatic;
						SystemCapabilities = {
							com.apple.BackgroundModes = {
								enabled = 1;
							};
							com.apple.Push = {
								enabled = 1;
							};
						};
					};
					EDEA35E7203AD92400330608 = {
						CreatedOnToolsVersion = 9.2;
						ProvisioningStyle = Automatic;
						SystemCapabilities = {
							com.apple.Push = {
								enabled = 1;
							};
						};
					};
				};
			};
			buildConfigurationList = ED5679D82016119700F52B89 /* Build configuration list for PBXProject "SpeakUpp" */;
			compatibilityVersion = "Xcode 8.0";
			developmentRegion = en;
			hasScannedForEncodings = 0;
			knownRegions = (
				en,
				Base,
			);
			mainGroup = ED5679D42016119700F52B89;
			productRefGroup = ED5679DE2016119700F52B89 /* Products */;
			projectDirPath = "";
			projectRoot = "";
			targets = (
				ED5679DC2016119700F52B89 /* SpeakUpp */,
				EDEA35E7203AD92400330608 /* OneSignalNotificationServiceExtension */,
			);
		};
/* End PBXProject section */

/* Begin PBXResourcesBuildPhase section */
		ED5679DB2016119700F52B89 /* Resources */ = {
			isa = PBXResourcesBuildPhase;
			buildActionMask = 2147483647;
			files = (
				ED7E179F20188EEE006DF756 /* RobotoBold.ttf in Resources */,
				ED7E17A020188EEE006DF756 /* RobotoLight.ttf in Resources */,
				ED7E17A120188EEE006DF756 /* RobotoMedium.ttf in Resources */,
				ED7E17A220188EEE006DF756 /* RobotoRegular.ttf in Resources */,
				ED5679EB2016119700F52B89 /* LaunchScreen.storyboard in Resources */,
				ED5679E82016119700F52B89 /* Assets.xcassets in Resources */,
			);
			runOnlyForDeploymentPostprocessing = 0;
		};
		EDEA35E6203AD92400330608 /* Resources */ = {
			isa = PBXResourcesBuildPhase;
			buildActionMask = 2147483647;
			files = (
			);
			runOnlyForDeploymentPostprocessing = 0;
		};
/* End PBXResourcesBuildPhase section */

/* Begin PBXShellScriptBuildPhase section */
		0B2F665411E18B86379F40F4 /* [CP] Embed Pods Frameworks */ = {
			isa = PBXShellScriptBuildPhase;
			buildActionMask = 2147483647;
			files = (
			);
			inputPaths = (
			);
			name = "[CP] Embed Pods Frameworks";
			outputPaths = (
			);
			runOnlyForDeploymentPostprocessing = 0;
			shellPath = /bin/sh;
			shellScript = "\"${SRCROOT}/Pods/Target Support Files/Pods-SpeakUpp/Pods-SpeakUpp-frameworks.sh\"\n";
			showEnvVarsInLog = 0;
		};
		26D9C0D62446309AFC85B6F3 /* [CP] Check Pods Manifest.lock */ = {
			isa = PBXShellScriptBuildPhase;
			buildActionMask = 2147483647;
			files = (
			);
			inputPaths = (
			);
			name = "[CP] Check Pods Manifest.lock";
			outputPaths = (
			);
			runOnlyForDeploymentPostprocessing = 0;
			shellPath = /bin/sh;
			shellScript = "diff \"${PODS_ROOT}/../Podfile.lock\" \"${PODS_ROOT}/Manifest.lock\" > /dev/null\nif [ $? != 0 ] ; then\n    # print error to STDERR\n    echo \"error: The sandbox is not in sync with the Podfile.lock. Run 'pod install' or update your CocoaPods installation.\" >&2\n    exit 1\nfi\n";
			showEnvVarsInLog = 0;
		};
		8F8D8100B632081D4283CA85 /* [CP] Copy Pods Resources */ = {
			isa = PBXShellScriptBuildPhase;
			buildActionMask = 2147483647;
			files = (
			);
			inputPaths = (
			);
			name = "[CP] Copy Pods Resources";
			outputPaths = (
			);
			runOnlyForDeploymentPostprocessing = 0;
			shellPath = /bin/sh;
			shellScript = "\"${SRCROOT}/Pods/Target Support Files/Pods-OneSignalNotificationServiceExtension/Pods-OneSignalNotificationServiceExtension-resources.sh\"\n";
			showEnvVarsInLog = 0;
		};
		A6329DBAB974F2AE5B16EBA0 /* [CP] Check Pods Manifest.lock */ = {
			isa = PBXShellScriptBuildPhase;
			buildActionMask = 2147483647;
			files = (
			);
			inputPaths = (
			);
			name = "[CP] Check Pods Manifest.lock";
			outputPaths = (
			);
			runOnlyForDeploymentPostprocessing = 0;
			shellPath = /bin/sh;
			shellScript = "diff \"${PODS_ROOT}/../Podfile.lock\" \"${PODS_ROOT}/Manifest.lock\" > /dev/null\nif [ $? != 0 ] ; then\n    # print error to STDERR\n    echo \"error: The sandbox is not in sync with the Podfile.lock. Run 'pod install' or update your CocoaPods installation.\" >&2\n    exit 1\nfi\n";
			showEnvVarsInLog = 0;
		};
		B40E2C9DB66723CEFFAB414F /* [CP] Copy Pods Resources */ = {
			isa = PBXShellScriptBuildPhase;
			buildActionMask = 2147483647;
			files = (
			);
			inputPaths = (
			);
			name = "[CP] Copy Pods Resources";
			outputPaths = (
			);
			runOnlyForDeploymentPostprocessing = 0;
			shellPath = /bin/sh;
			shellScript = "\"${SRCROOT}/Pods/Target Support Files/Pods-SpeakUpp/Pods-SpeakUpp-resources.sh\"\n";
			showEnvVarsInLog = 0;
		};
		ED4BC509205AF7530030FF11 /* ShellScript */ = {
			isa = PBXShellScriptBuildPhase;
			buildActionMask = 8;
			files = (
			);
			inputPaths = (
			);
			outputPaths = (
			);
			runOnlyForDeploymentPostprocessing = 1;
			shellPath = /bin/sh;
			shellScript = "\"${PODS_ROOT}/Fabric/run\" 0f4a34c12c3d1ad051eba1e270f26fadc868f63b ac3df93452783e5aa63237797aaaf7a01a69a343fb620c3e54e3b33fee6d4046";
		};
/* End PBXShellScriptBuildPhase section */

/* Begin PBXSourcesBuildPhase section */
		ED5679D92016119700F52B89 /* Sources */ = {
			isa = PBXSourcesBuildPhase;
			buildActionMask = 2147483647;
			files = (
				ED46DB8C20330A1200F6A06E /* PayVottingController.swift in Sources */,
				ED46DB982034B32600F6A06E /* PeopleCell.swift in Sources */,
				ED567A05201665D200F52B89 /* SwipingPageCell.swift in Sources */,
				ED421DE4203214C200D8DF1F /* Brand.swift in Sources */,
				ED257C77201CF95A00F1E5F3 /* LeftDrawerController.swift in Sources */,
				ED46DB892032F34600F6A06E /* AWSCredentials.swift in Sources */,
				ED421DE22032138300D8DF1F /* BrandCell.swift in Sources */,
				ED6C6E57201FE98200C15586 /* TrendingCell.swift in Sources */,
				ED7E17992017DB88006DF756 /* LoginController.swift in Sources */,
				ED421DD7202F33CB00D8DF1F /* PollAnsweredCell.swift in Sources */,
				ED6C6E4B201F74B900C15586 /* HomeMenuBarCell.swift in Sources */,
				ED8C23552036E1E90048A7E8 /* PollDetailController.swift in Sources */,
				ED421DD5202E55C700D8DF1F /* EventDetailController.swift in Sources */,
				ED421DD9202F8B5F00D8DF1F /* PollAnsweredWithImageCell.swift in Sources */,
				EDA8D838201CDCB4004F6A8C /* HomeController.swift in Sources */,
				ED7E17B02019FECB006DF756 /* CheckBox.swift in Sources */,
				ED6C6E4F201F967D00C15586 /* HomeCell.swift in Sources */,
				EDED9B532037583000B072D9 /* BaseScrollNoImageController.swift in Sources */,
				EDED9B5D2038C50100B072D9 /* EventTicket.swift in Sources */,
				EDA5E34F202A26C600C0F61B /* PollCategory.swift in Sources */,
				ED8C23592036E91D0048A7E8 /* PollComment.swift in Sources */,
				ED7E17AB2019D4FB006DF756 /* BaseScrollViewController.swift in Sources */,
				ED6C6E47201F732600C15586 /* HomeMenuBar.swift in Sources */,
				ED7E17A920192C61006DF756 /* SpeakUppEnums.swift in Sources */,
				ED5679E32016119700F52B89 /* OnboardViewController.swift in Sources */,
				ED6C6E5B202072AF00C15586 /* EventCell.swift in Sources */,
				EDA8D835201CCA96004F6A8C /* VerificationCodeController.swift in Sources */,
				EDED9B5720387DF700B072D9 /* PollsController.swift in Sources */,
				ED5679F9201645F300F52B89 /* Key.swift in Sources */,
				ED8C2351203626E50048A7E8 /* InviteCell.swift in Sources */,
				ED46DB9C2035A96000F6A06E /* GetStartedController.swift in Sources */,
				EDA5E34D202A213B00C0F61B /* Poll.swift in Sources */,
				ED421DE620322F9D00D8DF1F /* InterestController.swift in Sources */,
				ED46DB9620345E8300F6A06E /* PollAudioChoiceCell.swift in Sources */,
				ED6C6E5D2020734E00C15586 /* EventItemCell.swift in Sources */,
				ED7E9746202DD9EF00B35E0F /* PollNoImageChoiceCell.swift in Sources */,
				EDED9B5B2038C4C000B072D9 /* EventTicketController.swift in Sources */,
				ED567A0020165EE300F52B89 /* WelcomeController.swift in Sources */,
				ED6C6E5F2020740200C15586 /* ProfileCell.swift in Sources */,
				ED421DDB203200C700D8DF1F /* UserWorkCloud.swift in Sources */,
				ED567A07201666A400F52B89 /* Extension.swift in Sources */,
				ED46DB942034161000F6A06E /* CellHelper.swift in Sources */,
				ED5679FB2016465300F52B89 /* ViewControllerHelper.swift in Sources */,
				ED6C6E59201FEB9400C15586 /* TrendingCellTopBarCell.swift in Sources */,
				ED4BC508205A99540030FF11 /* SpeakUppProtocol.swift in Sources */,
				ED158FC920211639000E43BB /* SearchController.swift in Sources */,
				ED46DB8E20331D5600F6A06E /* PaymentRedirectController.swift in Sources */,
				ED7E17AE2019DB1C006DF756 /* SignUpController.swift in Sources */,
				ED421DE0203211B300D8DF1F /* BrandsController.swift in Sources */,
				ED567A02201665A700F52B89 /* BaseCell.swift in Sources */,
				EDED9B512037450100B072D9 /* SettingPageController.swift in Sources */,
				ED8C23572036E4060048A7E8 /* PollCommentCell.swift in Sources */,
				EDED9B592038AD6F00B072D9 /* ScannerViewController.swift in Sources */,
				ED158FBC2020BAA0000E43BB /* LogoOutController.swift in Sources */,
				ED7E17A7201921A1006DF756 /* SCLExtensions.swift in Sources */,
				ED6C6E51201FA35D00C15586 /* PollAuthor.swift in Sources */,
				ED777666202CE6720006A8F3 /* BaseRatingCell.swift in Sources */,
				ED6C6E53201FB1F400C15586 /* HomeCellTopBarCell.swift in Sources */,
				ED7E9748202E108600B35E0F /* TrendingItemCell.swift in Sources */,
				ED46DB872032D95C00F6A06E /* EditProfileController.swift in Sources */,
				ED5679F72016459100F52B89 /* Mics.swift in Sources */,
				ED46DB922033A8D300F6A06E /* SearchMenuBar.swift in Sources */,
				ED421DE82032322300D8DF1F /* InterestCell.swift in Sources */,
				ED7E17B2201B5DF4006DF756 /* SignUpVerificationController.swift in Sources */,
				ED5679FE20165E9900F52B89 /* Page.swift in Sources */,
				ED158FBF2020E626000E43BB /* SettingController.swift in Sources */,
				ED158FBA2020B216000E43BB /* ResetPinController.swift in Sources */,
				ED5679E12016119700F52B89 /* AppDelegate.swift in Sources */,
				ED5679F42016451F00F52B89 /* User.swift in Sources */,
				ED7E17A520192017006DF756 /* SCLAlertView.swift in Sources */,
				EDDE09482028F44E002DF2B4 /* ApiUrl.swift in Sources */,
				ED7E9744202DD32C00B35E0F /* PollImageChoiceCell.swift in Sources */,
				EDDE094A2028F66F002DF2B4 /* ApiService.swift in Sources */,
				ED07D2AC2059C836003C3550 /* PlayerView.swift in Sources */,
				EDDE094C202902BA002DF2B4 /* ApiCallStatus.swift in Sources */,
				ED421DDE2032058700D8DF1F /* WordCloudCell.swift in Sources */,
				EDED9B5520376A2300B072D9 /* FaqController.swift in Sources */,
				ED158FCC20211999000E43BB /* InviteController.swift in Sources */,
				EDA5E351202A27FE00C0F61B /* PollChoice.swift in Sources */,
				ED46DB9A203596FE00F6A06E /* BaseTableCell.swift in Sources */,
				ED6C6E49201F739100C15586 /* BaseUIView.swift in Sources */,
				ED6C6E55201FD8B200C15586 /* BaseFeedCell.swift in Sources */,
			);
			runOnlyForDeploymentPostprocessing = 0;
		};
		EDEA35E4203AD92400330608 /* Sources */ = {
			isa = PBXSourcesBuildPhase;
			buildActionMask = 2147483647;
			files = (
				EDEA35EB203AD92400330608 /* NotificationService.swift in Sources */,
			);
			runOnlyForDeploymentPostprocessing = 0;
		};
/* End PBXSourcesBuildPhase section */

/* Begin PBXTargetDependency section */
		EDEA35EE203AD92400330608 /* PBXTargetDependency */ = {
			isa = PBXTargetDependency;
			target = EDEA35E7203AD92400330608 /* OneSignalNotificationServiceExtension */;
			targetProxy = EDEA35ED203AD92400330608 /* PBXContainerItemProxy */;
		};
/* End PBXTargetDependency section */

/* Begin PBXVariantGroup section */
		ED5679E42016119700F52B89 /* Main.storyboard */ = {
			isa = PBXVariantGroup;
			children = (
				ED5679E52016119700F52B89 /* Base */,
			);
			name = Main.storyboard;
			sourceTree = "<group>";
		};
		ED5679E92016119700F52B89 /* LaunchScreen.storyboard */ = {
			isa = PBXVariantGroup;
			children = (
				ED5679EA2016119700F52B89 /* Base */,
			);
			name = LaunchScreen.storyboard;
			sourceTree = "<group>";
		};
/* End PBXVariantGroup section */

/* Begin XCBuildConfiguration section */
		ED5679ED2016119700F52B89 /* Debug */ = {
			isa = XCBuildConfiguration;
			buildSettings = {
				ALWAYS_SEARCH_USER_PATHS = NO;
				CLANG_ANALYZER_NONNULL = YES;
				CLANG_ANALYZER_NUMBER_OBJECT_CONVERSION = YES_AGGRESSIVE;
				CLANG_CXX_LANGUAGE_STANDARD = "gnu++14";
				CLANG_CXX_LIBRARY = "libc++";
				CLANG_ENABLE_MODULES = YES;
				CLANG_ENABLE_OBJC_ARC = YES;
				CLANG_WARN_BLOCK_CAPTURE_AUTORELEASING = YES;
				CLANG_WARN_BOOL_CONVERSION = YES;
				CLANG_WARN_COMMA = YES;
				CLANG_WARN_CONSTANT_CONVERSION = YES;
				CLANG_WARN_DIRECT_OBJC_ISA_USAGE = YES_ERROR;
				CLANG_WARN_DOCUMENTATION_COMMENTS = YES;
				CLANG_WARN_EMPTY_BODY = YES;
				CLANG_WARN_ENUM_CONVERSION = YES;
				CLANG_WARN_INFINITE_RECURSION = YES;
				CLANG_WARN_INT_CONVERSION = YES;
				CLANG_WARN_NON_LITERAL_NULL_CONVERSION = YES;
				CLANG_WARN_OBJC_LITERAL_CONVERSION = YES;
				CLANG_WARN_OBJC_ROOT_CLASS = YES_ERROR;
				CLANG_WARN_RANGE_LOOP_ANALYSIS = YES;
				CLANG_WARN_STRICT_PROTOTYPES = YES;
				CLANG_WARN_SUSPICIOUS_MOVE = YES;
				CLANG_WARN_UNGUARDED_AVAILABILITY = YES_AGGRESSIVE;
				CLANG_WARN_UNREACHABLE_CODE = YES;
				CLANG_WARN__DUPLICATE_METHOD_MATCH = YES;
				CODE_SIGN_IDENTITY = "iPhone Developer";
				COPY_PHASE_STRIP = NO;
				DEBUG_INFORMATION_FORMAT = dwarf;
				ENABLE_STRICT_OBJC_MSGSEND = YES;
				ENABLE_TESTABILITY = YES;
				GCC_C_LANGUAGE_STANDARD = gnu11;
				GCC_DYNAMIC_NO_PIC = NO;
				GCC_NO_COMMON_BLOCKS = YES;
				GCC_OPTIMIZATION_LEVEL = 0;
				GCC_PREPROCESSOR_DEFINITIONS = (
					"DEBUG=1",
					"$(inherited)",
				);
				GCC_WARN_64_TO_32_BIT_CONVERSION = YES;
				GCC_WARN_ABOUT_RETURN_TYPE = YES_ERROR;
				GCC_WARN_UNDECLARED_SELECTOR = YES;
				GCC_WARN_UNINITIALIZED_AUTOS = YES_AGGRESSIVE;
				GCC_WARN_UNUSED_FUNCTION = YES;
				GCC_WARN_UNUSED_VARIABLE = YES;
				IPHONEOS_DEPLOYMENT_TARGET = 11.2;
				MTL_ENABLE_DEBUG_INFO = YES;
				ONLY_ACTIVE_ARCH = YES;
				SDKROOT = iphoneos;
				SWIFT_ACTIVE_COMPILATION_CONDITIONS = DEBUG;
				SWIFT_OPTIMIZATION_LEVEL = "-Onone";
			};
			name = Debug;
		};
		ED5679EE2016119700F52B89 /* Release */ = {
			isa = XCBuildConfiguration;
			buildSettings = {
				ALWAYS_SEARCH_USER_PATHS = NO;
				CLANG_ANALYZER_NONNULL = YES;
				CLANG_ANALYZER_NUMBER_OBJECT_CONVERSION = YES_AGGRESSIVE;
				CLANG_CXX_LANGUAGE_STANDARD = "gnu++14";
				CLANG_CXX_LIBRARY = "libc++";
				CLANG_ENABLE_MODULES = YES;
				CLANG_ENABLE_OBJC_ARC = YES;
				CLANG_WARN_BLOCK_CAPTURE_AUTORELEASING = YES;
				CLANG_WARN_BOOL_CONVERSION = YES;
				CLANG_WARN_COMMA = YES;
				CLANG_WARN_CONSTANT_CONVERSION = YES;
				CLANG_WARN_DIRECT_OBJC_ISA_USAGE = YES_ERROR;
				CLANG_WARN_DOCUMENTATION_COMMENTS = YES;
				CLANG_WARN_EMPTY_BODY = YES;
				CLANG_WARN_ENUM_CONVERSION = YES;
				CLANG_WARN_INFINITE_RECURSION = YES;
				CLANG_WARN_INT_CONVERSION = YES;
				CLANG_WARN_NON_LITERAL_NULL_CONVERSION = YES;
				CLANG_WARN_OBJC_LITERAL_CONVERSION = YES;
				CLANG_WARN_OBJC_ROOT_CLASS = YES_ERROR;
				CLANG_WARN_RANGE_LOOP_ANALYSIS = YES;
				CLANG_WARN_STRICT_PROTOTYPES = YES;
				CLANG_WARN_SUSPICIOUS_MOVE = YES;
				CLANG_WARN_UNGUARDED_AVAILABILITY = YES_AGGRESSIVE;
				CLANG_WARN_UNREACHABLE_CODE = YES;
				CLANG_WARN__DUPLICATE_METHOD_MATCH = YES;
				CODE_SIGN_IDENTITY = "iPhone Developer";
				COPY_PHASE_STRIP = NO;
				DEBUG_INFORMATION_FORMAT = "dwarf-with-dsym";
				ENABLE_NS_ASSERTIONS = NO;
				ENABLE_STRICT_OBJC_MSGSEND = YES;
				GCC_C_LANGUAGE_STANDARD = gnu11;
				GCC_NO_COMMON_BLOCKS = YES;
				GCC_WARN_64_TO_32_BIT_CONVERSION = YES;
				GCC_WARN_ABOUT_RETURN_TYPE = YES_ERROR;
				GCC_WARN_UNDECLARED_SELECTOR = YES;
				GCC_WARN_UNINITIALIZED_AUTOS = YES_AGGRESSIVE;
				GCC_WARN_UNUSED_FUNCTION = YES;
				GCC_WARN_UNUSED_VARIABLE = YES;
				IPHONEOS_DEPLOYMENT_TARGET = 11.2;
				MTL_ENABLE_DEBUG_INFO = NO;
				SDKROOT = iphoneos;
				SWIFT_OPTIMIZATION_LEVEL = "-Owholemodule";
				VALIDATE_PRODUCT = YES;
			};
			name = Release;
		};
		ED5679F02016119700F52B89 /* Debug */ = {
			isa = XCBuildConfiguration;
			baseConfigurationReference = 9728968BE78037722D55C171 /* Pods-SpeakUpp.debug.xcconfig */;
			buildSettings = {
				ALWAYS_EMBED_SWIFT_STANDARD_LIBRARIES = YES;
				ASSETCATALOG_COMPILER_APPICON_NAME = AppIcon;
				CODE_SIGN_ENTITLEMENTS = SpeakUpp/SpeakUpp.entitlements;
				CODE_SIGN_IDENTITY = "iPhone Developer";
				"CODE_SIGN_IDENTITY[sdk=iphoneos*]" = "iPhone Developer";
				CODE_SIGN_STYLE = Automatic;
				DEVELOPMENT_TEAM = QFPRFS68B4;
				INFOPLIST_FILE = SpeakUpp/Info.plist;
				IPHONEOS_DEPLOYMENT_TARGET = 11.0;
				LD_RUNPATH_SEARCH_PATHS = "$(inherited) @executable_path/Frameworks";
				PRODUCT_BUNDLE_IDENTIFIER = mobile.ios.speakupp;
				PRODUCT_NAME = "$(TARGET_NAME)";
				PROVISIONING_PROFILE_SPECIFIER = "";
				SWIFT_VERSION = 4.0;
				TARGETED_DEVICE_FAMILY = "1,2";
			};
			name = Debug;
		};
		ED5679F12016119700F52B89 /* Release */ = {
			isa = XCBuildConfiguration;
			baseConfigurationReference = 90354B2B583449A03445F929 /* Pods-SpeakUpp.release.xcconfig */;
			buildSettings = {
				ALWAYS_EMBED_SWIFT_STANDARD_LIBRARIES = YES;
				ASSETCATALOG_COMPILER_APPICON_NAME = AppIcon;
				CODE_SIGN_ENTITLEMENTS = SpeakUpp/SpeakUpp.entitlements;
				CODE_SIGN_IDENTITY = "iPhone Developer";
				"CODE_SIGN_IDENTITY[sdk=iphoneos*]" = "iPhone Developer";
				CODE_SIGN_STYLE = Automatic;
				DEVELOPMENT_TEAM = QFPRFS68B4;
				INFOPLIST_FILE = SpeakUpp/Info.plist;
				IPHONEOS_DEPLOYMENT_TARGET = 11.0;
				LD_RUNPATH_SEARCH_PATHS = "$(inherited) @executable_path/Frameworks";
				PRODUCT_BUNDLE_IDENTIFIER = mobile.ios.speakupp;
				PRODUCT_NAME = "$(TARGET_NAME)";
				PROVISIONING_PROFILE_SPECIFIER = "";
				SWIFT_VERSION = 4.0;
				TARGETED_DEVICE_FAMILY = "1,2";
			};
			name = Release;
		};
		EDEA35F1203AD92400330608 /* Debug */ = {
			isa = XCBuildConfiguration;
			baseConfigurationReference = D823EF2A956CC1347C09DE9F /* Pods-OneSignalNotificationServiceExtension.debug.xcconfig */;
			buildSettings = {
				CODE_SIGN_ENTITLEMENTS = OneSignalNotificationServiceExtension/OneSignalNotificationServiceExtension.entitlements;
				CODE_SIGN_STYLE = Automatic;
				DEVELOPMENT_TEAM = QFPRFS68B4;
				INFOPLIST_FILE = OneSignalNotificationServiceExtension/Info.plist;
				IPHONEOS_DEPLOYMENT_TARGET = 11.0;
				LD_RUNPATH_SEARCH_PATHS = "$(inherited) @executable_path/Frameworks @executable_path/../../Frameworks";
				PRODUCT_BUNDLE_IDENTIFIER = mobile.ios.speakupp.OneSignalNotificationServiceExtension;
				PRODUCT_NAME = "$(TARGET_NAME)";
				SKIP_INSTALL = YES;
				SWIFT_VERSION = 4.0;
				TARGETED_DEVICE_FAMILY = "1,2";
			};
			name = Debug;
		};
		EDEA35F2203AD92400330608 /* Release */ = {
			isa = XCBuildConfiguration;
			baseConfigurationReference = 88A84A43B959EA9276DDF07C /* Pods-OneSignalNotificationServiceExtension.release.xcconfig */;
			buildSettings = {
				CODE_SIGN_ENTITLEMENTS = OneSignalNotificationServiceExtension/OneSignalNotificationServiceExtension.entitlements;
				CODE_SIGN_STYLE = Automatic;
				DEVELOPMENT_TEAM = QFPRFS68B4;
				INFOPLIST_FILE = OneSignalNotificationServiceExtension/Info.plist;
				IPHONEOS_DEPLOYMENT_TARGET = 11.0;
				LD_RUNPATH_SEARCH_PATHS = "$(inherited) @executable_path/Frameworks @executable_path/../../Frameworks";
				PRODUCT_BUNDLE_IDENTIFIER = mobile.ios.speakupp.OneSignalNotificationServiceExtension;
				PRODUCT_NAME = "$(TARGET_NAME)";
				SKIP_INSTALL = YES;
				SWIFT_VERSION = 4.0;
				TARGETED_DEVICE_FAMILY = "1,2";
			};
			name = Release;
		};
/* End XCBuildConfiguration section */

/* Begin XCConfigurationList section */
		ED5679D82016119700F52B89 /* Build configuration list for PBXProject "SpeakUpp" */ = {
			isa = XCConfigurationList;
			buildConfigurations = (
				ED5679ED2016119700F52B89 /* Debug */,
				ED5679EE2016119700F52B89 /* Release */,
			);
			defaultConfigurationIsVisible = 0;
			defaultConfigurationName = Release;
		};
		ED5679EF2016119700F52B89 /* Build configuration list for PBXNativeTarget "SpeakUpp" */ = {
			isa = XCConfigurationList;
			buildConfigurations = (
				ED5679F02016119700F52B89 /* Debug */,
				ED5679F12016119700F52B89 /* Release */,
			);
			defaultConfigurationIsVisible = 0;
			defaultConfigurationName = Release;
		};
		EDEA35F0203AD92400330608 /* Build configuration list for PBXNativeTarget "OneSignalNotificationServiceExtension" */ = {
			isa = XCConfigurationList;
			buildConfigurations = (
				EDEA35F1203AD92400330608 /* Debug */,
				EDEA35F2203AD92400330608 /* Release */,
			);
			defaultConfigurationIsVisible = 0;
			defaultConfigurationName = Release;
		};
/* End XCConfigurationList section */
	};
	rootObject = ED5679D52016119700F52B89 /* Project object */;
}
